// !$*UTF8*$!
{
	archiveVersion = 1;
	classes = {
	};
	objectVersion = 56;
	objects = {

/* Begin PBXBuildFile section */
		6988C5002B32072100F60F9F /* AppDelegate.swift in Sources */ = {isa = PBXBuildFile; fileRef = 6988C4FF2B32072100F60F9F /* AppDelegate.swift */; };
		6988C5022B32072100F60F9F /* SceneDelegate.swift in Sources */ = {isa = PBXBuildFile; fileRef = 6988C5012B32072100F60F9F /* SceneDelegate.swift */; };
		6988C5042B32072100F60F9F /* MBSignInViewController.swift in Sources */ = {isa = PBXBuildFile; fileRef = 6988C5032B32072100F60F9F /* MBSignInViewController.swift */; };
		6988C50A2B32072100F60F9F /* MaBook.xcdatamodeld in Sources */ = {isa = PBXBuildFile; fileRef = 6988C5082B32072100F60F9F /* MaBook.xcdatamodeld */; };
		6988C50C2B32072200F60F9F /* Assets.xcassets in Resources */ = {isa = PBXBuildFile; fileRef = 6988C50B2B32072200F60F9F /* Assets.xcassets */; };
		6988C50F2B32072200F60F9F /* LaunchScreen.storyboard in Resources */ = {isa = PBXBuildFile; fileRef = 6988C50D2B32072200F60F9F /* LaunchScreen.storyboard */; };
		6988C51D2B320B0D00F60F9F /* MBSignUpViewController.swift in Sources */ = {isa = PBXBuildFile; fileRef = 6988C51C2B320B0D00F60F9F /* MBSignUpViewController.swift */; };
		6988C51F2B320B8800F60F9F /* MBEmailSignInViewController.swift in Sources */ = {isa = PBXBuildFile; fileRef = 6988C51E2B320B8800F60F9F /* MBEmailSignInViewController.swift */; };
		6988C5212B320C7900F60F9F /* MBUsernameSignUpViewController.swift in Sources */ = {isa = PBXBuildFile; fileRef = 6988C5202B320C7900F60F9F /* MBUsernameSignUpViewController.swift */; };
		6988C5232B320CA400F60F9F /* MBWelcomeSplashViewController.swift in Sources */ = {isa = PBXBuildFile; fileRef = 6988C5222B320CA400F60F9F /* MBWelcomeSplashViewController.swift */; };
		6988C5272B320CF100F60F9F /* MBLocationOnboardingViewController.swift in Sources */ = {isa = PBXBuildFile; fileRef = 6988C5262B320CF100F60F9F /* MBLocationOnboardingViewController.swift */; };
		6988C5292B320D3700F60F9F /* MBPermissionsOnboardingViewController.swift in Sources */ = {isa = PBXBuildFile; fileRef = 6988C5282B320D3700F60F9F /* MBPermissionsOnboardingViewController.swift */; };
		6988C52E2B320D8400F60F9F /* MBTabBarViewController.swift in Sources */ = {isa = PBXBuildFile; fileRef = 6988C52D2B320D8400F60F9F /* MBTabBarViewController.swift */; };
		6988C5302B32101600F60F9F /* AuthManager.swift in Sources */ = {isa = PBXBuildFile; fileRef = 6988C52F2B32101600F60F9F /* AuthManager.swift */; };
		6988C5332B32120600F60F9F /* MBApiCaller.swift in Sources */ = {isa = PBXBuildFile; fileRef = 6988C5322B32120600F60F9F /* MBApiCaller.swift */; };
		6988C5352B32122100F60F9F /* MBRequest.swift in Sources */ = {isa = PBXBuildFile; fileRef = 6988C5342B32122100F60F9F /* MBRequest.swift */; };
		6988C5372B322A1700F60F9F /* MBEndpoint.swift in Sources */ = {isa = PBXBuildFile; fileRef = 6988C5362B322A1700F60F9F /* MBEndpoint.swift */; };
		6988C53A2B322FEA00F60F9F /* MBLogger.swift in Sources */ = {isa = PBXBuildFile; fileRef = 6988C5392B322FEA00F60F9F /* MBLogger.swift */; };
		6988C53C2B32320900F60F9F /* User.swift in Sources */ = {isa = PBXBuildFile; fileRef = 6988C53B2B32320900F60F9F /* User.swift */; };
		6988C53E2B32325F00F60F9F /* MBAuthResponse.swift in Sources */ = {isa = PBXBuildFile; fileRef = 6988C53D2B32325F00F60F9F /* MBAuthResponse.swift */; };
		6988C6EA2B35EB5900F60F9F /* OnboardingManager.swift in Sources */ = {isa = PBXBuildFile; fileRef = 6988C6E92B35EB5900F60F9F /* OnboardingManager.swift */; };
		6988C6EC2B35EEFA00F60F9F /* LocalStateManager.swift in Sources */ = {isa = PBXBuildFile; fileRef = 6988C6EB2B35EEFA00F60F9F /* LocalStateManager.swift */; };
		6988C6EF2B361B9F00F60F9F /* MBSignInOptionsView.swift in Sources */ = {isa = PBXBuildFile; fileRef = 6988C6EE2B361B9F00F60F9F /* MBSignInOptionsView.swift */; };
		6988C6F42B36214E00F60F9F /* Extensions.swift in Sources */ = {isa = PBXBuildFile; fileRef = 6988C6F32B36214E00F60F9F /* Extensions.swift */; };
		6988C6F72B3621AA00F60F9F /* MBButton.swift in Sources */ = {isa = PBXBuildFile; fileRef = 6988C6F62B3621AA00F60F9F /* MBButton.swift */; };
		6988C6F92B3710EB00F60F9F /* MBTextField.swift in Sources */ = {isa = PBXBuildFile; fileRef = 6988C6F82B3710EB00F60F9F /* MBTextField.swift */; };
		6988C6FB2B37144800F60F9F /* MBEmailSignInView.swift in Sources */ = {isa = PBXBuildFile; fileRef = 6988C6FA2B37144800F60F9F /* MBEmailSignInView.swift */; };
		6988C6FD2B37270F00F60F9F /* MBSignUpView.swift in Sources */ = {isa = PBXBuildFile; fileRef = 6988C6FC2B37270F00F60F9F /* MBSignUpView.swift */; };
		6988C7012B3862D700F60F9F /* MBUsernameSignUpView.swift in Sources */ = {isa = PBXBuildFile; fileRef = 6988C7002B3862D700F60F9F /* MBUsernameSignUpView.swift */; };
		6988C7032B387E2900F60F9F /* MBLoader.swift in Sources */ = {isa = PBXBuildFile; fileRef = 6988C7022B387E2900F60F9F /* MBLoader.swift */; };
		6988C7052B3889CF00F60F9F /* MBOnboardingResponse.swift in Sources */ = {isa = PBXBuildFile; fileRef = 6988C7042B3889CF00F60F9F /* MBOnboardingResponse.swift */; };
		6988C7082B38907400F60F9F /* MBLocationOnboardingView.swift in Sources */ = {isa = PBXBuildFile; fileRef = 6988C7072B38907400F60F9F /* MBLocationOnboardingView.swift */; };
		6988C70A2B38BD0C00F60F9F /* MBDropdownButton.swift in Sources */ = {isa = PBXBuildFile; fileRef = 6988C7092B38BD0C00F60F9F /* MBDropdownButton.swift */; };
		6988C70B2B38C8F200F60F9F /* RobotoCondensed-VariableFont_wght.ttf in Resources */ = {isa = PBXBuildFile; fileRef = 6988C6F22B361D3500F60F9F /* RobotoCondensed-VariableFont_wght.ttf */; };
		6988C70D2B38D22300F60F9F /* MBOnboardingListViewController.swift in Sources */ = {isa = PBXBuildFile; fileRef = 6988C70C2B38D22300F60F9F /* MBOnboardingListViewController.swift */; };
		6988C70F2B38EE6F00F60F9F /* MBOnboardingListView.swift in Sources */ = {isa = PBXBuildFile; fileRef = 6988C70E2B38EE6F00F60F9F /* MBOnboardingListView.swift */; };
/* End PBXBuildFile section */

/* Begin PBXFileReference section */
		6988C4FC2B32072100F60F9F /* MaBook.app */ = {isa = PBXFileReference; explicitFileType = wrapper.application; includeInIndex = 0; path = MaBook.app; sourceTree = BUILT_PRODUCTS_DIR; };
		6988C4FF2B32072100F60F9F /* AppDelegate.swift */ = {isa = PBXFileReference; lastKnownFileType = sourcecode.swift; path = AppDelegate.swift; sourceTree = "<group>"; };
		6988C5012B32072100F60F9F /* SceneDelegate.swift */ = {isa = PBXFileReference; lastKnownFileType = sourcecode.swift; path = SceneDelegate.swift; sourceTree = "<group>"; };
		6988C5032B32072100F60F9F /* MBSignInViewController.swift */ = {isa = PBXFileReference; lastKnownFileType = sourcecode.swift; path = MBSignInViewController.swift; sourceTree = "<group>"; };
		6988C5092B32072100F60F9F /* MaBook.xcdatamodel */ = {isa = PBXFileReference; lastKnownFileType = wrapper.xcdatamodel; path = MaBook.xcdatamodel; sourceTree = "<group>"; };
		6988C50B2B32072200F60F9F /* Assets.xcassets */ = {isa = PBXFileReference; lastKnownFileType = folder.assetcatalog; path = Assets.xcassets; sourceTree = "<group>"; };
		6988C50E2B32072200F60F9F /* Base */ = {isa = PBXFileReference; lastKnownFileType = file.storyboard; name = Base; path = Base.lproj/LaunchScreen.storyboard; sourceTree = "<group>"; };
		6988C5102B32072200F60F9F /* Info.plist */ = {isa = PBXFileReference; lastKnownFileType = text.plist.xml; path = Info.plist; sourceTree = "<group>"; };
		6988C51C2B320B0D00F60F9F /* MBSignUpViewController.swift */ = {isa = PBXFileReference; lastKnownFileType = sourcecode.swift; path = MBSignUpViewController.swift; sourceTree = "<group>"; };
		6988C51E2B320B8800F60F9F /* MBEmailSignInViewController.swift */ = {isa = PBXFileReference; lastKnownFileType = sourcecode.swift; path = MBEmailSignInViewController.swift; sourceTree = "<group>"; };
		6988C5202B320C7900F60F9F /* MBUsernameSignUpViewController.swift */ = {isa = PBXFileReference; lastKnownFileType = sourcecode.swift; path = MBUsernameSignUpViewController.swift; sourceTree = "<group>"; };
		6988C5222B320CA400F60F9F /* MBWelcomeSplashViewController.swift */ = {isa = PBXFileReference; lastKnownFileType = sourcecode.swift; path = MBWelcomeSplashViewController.swift; sourceTree = "<group>"; };
		6988C5262B320CF100F60F9F /* MBLocationOnboardingViewController.swift */ = {isa = PBXFileReference; lastKnownFileType = sourcecode.swift; path = MBLocationOnboardingViewController.swift; sourceTree = "<group>"; };
		6988C5282B320D3700F60F9F /* MBPermissionsOnboardingViewController.swift */ = {isa = PBXFileReference; lastKnownFileType = sourcecode.swift; path = MBPermissionsOnboardingViewController.swift; sourceTree = "<group>"; };
		6988C52D2B320D8400F60F9F /* MBTabBarViewController.swift */ = {isa = PBXFileReference; lastKnownFileType = sourcecode.swift; path = MBTabBarViewController.swift; sourceTree = "<group>"; };
		6988C52F2B32101600F60F9F /* AuthManager.swift */ = {isa = PBXFileReference; lastKnownFileType = sourcecode.swift; path = AuthManager.swift; sourceTree = "<group>"; };
		6988C5322B32120600F60F9F /* MBApiCaller.swift */ = {isa = PBXFileReference; lastKnownFileType = sourcecode.swift; path = MBApiCaller.swift; sourceTree = "<group>"; };
		6988C5342B32122100F60F9F /* MBRequest.swift */ = {isa = PBXFileReference; lastKnownFileType = sourcecode.swift; path = MBRequest.swift; sourceTree = "<group>"; };
		6988C5362B322A1700F60F9F /* MBEndpoint.swift */ = {isa = PBXFileReference; lastKnownFileType = sourcecode.swift; path = MBEndpoint.swift; sourceTree = "<group>"; };
		6988C5392B322FEA00F60F9F /* MBLogger.swift */ = {isa = PBXFileReference; lastKnownFileType = sourcecode.swift; path = MBLogger.swift; sourceTree = "<group>"; };
		6988C53B2B32320900F60F9F /* User.swift */ = {isa = PBXFileReference; lastKnownFileType = sourcecode.swift; path = User.swift; sourceTree = "<group>"; };
		6988C53D2B32325F00F60F9F /* MBAuthResponse.swift */ = {isa = PBXFileReference; lastKnownFileType = sourcecode.swift; path = MBAuthResponse.swift; sourceTree = "<group>"; };
		6988C6E92B35EB5900F60F9F /* OnboardingManager.swift */ = {isa = PBXFileReference; lastKnownFileType = sourcecode.swift; path = OnboardingManager.swift; sourceTree = "<group>"; };
		6988C6EB2B35EEFA00F60F9F /* LocalStateManager.swift */ = {isa = PBXFileReference; lastKnownFileType = sourcecode.swift; path = LocalStateManager.swift; sourceTree = "<group>"; };
		6988C6EE2B361B9F00F60F9F /* MBSignInOptionsView.swift */ = {isa = PBXFileReference; lastKnownFileType = sourcecode.swift; path = MBSignInOptionsView.swift; sourceTree = "<group>"; };
		6988C6F22B361D3500F60F9F /* RobotoCondensed-VariableFont_wght.ttf */ = {isa = PBXFileReference; lastKnownFileType = file; path = "RobotoCondensed-VariableFont_wght.ttf"; sourceTree = "<group>"; };
		6988C6F32B36214E00F60F9F /* Extensions.swift */ = {isa = PBXFileReference; lastKnownFileType = sourcecode.swift; path = Extensions.swift; sourceTree = "<group>"; };
		6988C6F62B3621AA00F60F9F /* MBButton.swift */ = {isa = PBXFileReference; lastKnownFileType = sourcecode.swift; path = MBButton.swift; sourceTree = "<group>"; };
		6988C6F82B3710EB00F60F9F /* MBTextField.swift */ = {isa = PBXFileReference; lastKnownFileType = sourcecode.swift; path = MBTextField.swift; sourceTree = "<group>"; };
		6988C6FA2B37144800F60F9F /* MBEmailSignInView.swift */ = {isa = PBXFileReference; lastKnownFileType = sourcecode.swift; path = MBEmailSignInView.swift; sourceTree = "<group>"; };
		6988C6FC2B37270F00F60F9F /* MBSignUpView.swift */ = {isa = PBXFileReference; lastKnownFileType = sourcecode.swift; path = MBSignUpView.swift; sourceTree = "<group>"; };
		6988C7002B3862D700F60F9F /* MBUsernameSignUpView.swift */ = {isa = PBXFileReference; lastKnownFileType = sourcecode.swift; path = MBUsernameSignUpView.swift; sourceTree = "<group>"; };
		6988C7022B387E2900F60F9F /* MBLoader.swift */ = {isa = PBXFileReference; lastKnownFileType = sourcecode.swift; path = MBLoader.swift; sourceTree = "<group>"; };
		6988C7042B3889CF00F60F9F /* MBOnboardingResponse.swift */ = {isa = PBXFileReference; lastKnownFileType = sourcecode.swift; path = MBOnboardingResponse.swift; sourceTree = "<group>"; };
		6988C7072B38907400F60F9F /* MBLocationOnboardingView.swift */ = {isa = PBXFileReference; lastKnownFileType = sourcecode.swift; path = MBLocationOnboardingView.swift; sourceTree = "<group>"; };
		6988C7092B38BD0C00F60F9F /* MBDropdownButton.swift */ = {isa = PBXFileReference; lastKnownFileType = sourcecode.swift; path = MBDropdownButton.swift; sourceTree = "<group>"; };
		6988C70C2B38D22300F60F9F /* MBOnboardingListViewController.swift */ = {isa = PBXFileReference; lastKnownFileType = sourcecode.swift; path = MBOnboardingListViewController.swift; sourceTree = "<group>"; };
		6988C70E2B38EE6F00F60F9F /* MBOnboardingListView.swift */ = {isa = PBXFileReference; lastKnownFileType = sourcecode.swift; path = MBOnboardingListView.swift; sourceTree = "<group>"; };
/* End PBXFileReference section */

/* Begin PBXFrameworksBuildPhase section */
		6988C4F92B32072100F60F9F /* Frameworks */ = {
			isa = PBXFrameworksBuildPhase;
			buildActionMask = 2147483647;
			files = (
			);
			runOnlyForDeploymentPostprocessing = 0;
		};
/* End PBXFrameworksBuildPhase section */

/* Begin PBXGroup section */
		6988C4F32B32072100F60F9F = {
			isa = PBXGroup;
			children = (
				6988C4FE2B32072100F60F9F /* MaBook */,
				6988C4FD2B32072100F60F9F /* Products */,
			);
			sourceTree = "<group>";
		};
		6988C4FD2B32072100F60F9F /* Products */ = {
			isa = PBXGroup;
			children = (
				6988C4FC2B32072100F60F9F /* MaBook.app */,
			);
			name = Products;
			sourceTree = "<group>";
		};
		6988C4FE2B32072100F60F9F /* MaBook */ = {
			isa = PBXGroup;
			children = (
				6988C51B2B320A6800F60F9F /* Managers */,
				6988C51A2B320A6200F60F9F /* Models */,
				6988C5192B320A5B00F60F9F /* ViewModels */,
				6988C5182B320A5100F60F9F /* Views */,
				6988C5172B320A4600F60F9F /* Controllers */,
				6988C5162B320A3A00F60F9F /* Resources */,
				6988C5102B32072200F60F9F /* Info.plist */,
				6988C5082B32072100F60F9F /* MaBook.xcdatamodeld */,
			);
			path = MaBook;
			sourceTree = "<group>";
		};
		6988C5162B320A3A00F60F9F /* Resources */ = {
			isa = PBXGroup;
			children = (
				6988C6F52B36218D00F60F9F /* Components */,
				6988C6F22B361D3500F60F9F /* RobotoCondensed-VariableFont_wght.ttf */,
				6988C4FF2B32072100F60F9F /* AppDelegate.swift */,
				6988C5012B32072100F60F9F /* SceneDelegate.swift */,
				6988C50B2B32072200F60F9F /* Assets.xcassets */,
				6988C50D2B32072200F60F9F /* LaunchScreen.storyboard */,
				6988C5392B322FEA00F60F9F /* MBLogger.swift */,
				6988C6F32B36214E00F60F9F /* Extensions.swift */,
			);
			path = Resources;
			sourceTree = "<group>";
		};
		6988C5172B320A4600F60F9F /* Controllers */ = {
			isa = PBXGroup;
			children = (
				6988C5242B320CA900F60F9F /* Auth */,
				6988C5252B320CC500F60F9F /* Onboarding */,
				6988C52A2B320D4300F60F9F /* Home */,
			);
			path = Controllers;
			sourceTree = "<group>";
		};
		6988C5182B320A5100F60F9F /* Views */ = {
			isa = PBXGroup;
			children = (
				6988C7062B38904B00F60F9F /* Onboarding */,
				6988C6ED2B361B8B00F60F9F /* Auth */,
			);
			path = Views;
			sourceTree = "<group>";
		};
		6988C5192B320A5B00F60F9F /* ViewModels */ = {
			isa = PBXGroup;
			children = (
			);
			path = ViewModels;
			sourceTree = "<group>";
		};
		6988C51A2B320A6200F60F9F /* Models */ = {
			isa = PBXGroup;
			children = (
				6988C5382B322E7700F60F9F /* Auth */,
				6988C53B2B32320900F60F9F /* User.swift */,
			);
			path = Models;
			sourceTree = "<group>";
		};
		6988C51B2B320A6800F60F9F /* Managers */ = {
			isa = PBXGroup;
			children = (
				6988C52F2B32101600F60F9F /* AuthManager.swift */,
				6988C5322B32120600F60F9F /* MBApiCaller.swift */,
				6988C5342B32122100F60F9F /* MBRequest.swift */,
				6988C5362B322A1700F60F9F /* MBEndpoint.swift */,
				6988C6E92B35EB5900F60F9F /* OnboardingManager.swift */,
				6988C6EB2B35EEFA00F60F9F /* LocalStateManager.swift */,
			);
			path = Managers;
			sourceTree = "<group>";
		};
		6988C5242B320CA900F60F9F /* Auth */ = {
			isa = PBXGroup;
			children = (
				6988C5032B32072100F60F9F /* MBSignInViewController.swift */,
				6988C51E2B320B8800F60F9F /* MBEmailSignInViewController.swift */,
				6988C51C2B320B0D00F60F9F /* MBSignUpViewController.swift */,
				6988C5202B320C7900F60F9F /* MBUsernameSignUpViewController.swift */,
				6988C5222B320CA400F60F9F /* MBWelcomeSplashViewController.swift */,
			);
			path = Auth;
			sourceTree = "<group>";
		};
		6988C5252B320CC500F60F9F /* Onboarding */ = {
			isa = PBXGroup;
			children = (
				6988C5262B320CF100F60F9F /* MBLocationOnboardingViewController.swift */,
				6988C70C2B38D22300F60F9F /* MBOnboardingListViewController.swift */,
				6988C5282B320D3700F60F9F /* MBPermissionsOnboardingViewController.swift */,
			);
			path = Onboarding;
			sourceTree = "<group>";
		};
		6988C52A2B320D4300F60F9F /* Home */ = {
			isa = PBXGroup;
			children = (
				6988C52B2B320D5300F60F9F /* Core */,
				6988C52C2B320D5900F60F9F /* General */,
			);
			path = Home;
			sourceTree = "<group>";
		};
		6988C52B2B320D5300F60F9F /* Core */ = {
			isa = PBXGroup;
			children = (
				6988C52D2B320D8400F60F9F /* MBTabBarViewController.swift */,
			);
			path = Core;
			sourceTree = "<group>";
		};
		6988C52C2B320D5900F60F9F /* General */ = {
			isa = PBXGroup;
			children = (
			);
			path = General;
			sourceTree = "<group>";
		};
		6988C5382B322E7700F60F9F /* Auth */ = {
			isa = PBXGroup;
			children = (
				6988C53D2B32325F00F60F9F /* MBAuthResponse.swift */,
				6988C7042B3889CF00F60F9F /* MBOnboardingResponse.swift */,
			);
			path = Auth;
			sourceTree = "<group>";
		};
		6988C6ED2B361B8B00F60F9F /* Auth */ = {
			isa = PBXGroup;
			children = (
				6988C6EE2B361B9F00F60F9F /* MBSignInOptionsView.swift */,
				6988C6FA2B37144800F60F9F /* MBEmailSignInView.swift */,
				6988C6FC2B37270F00F60F9F /* MBSignUpView.swift */,
				6988C7002B3862D700F60F9F /* MBUsernameSignUpView.swift */,
			);
			path = Auth;
			sourceTree = "<group>";
		};
		6988C6F52B36218D00F60F9F /* Components */ = {
			isa = PBXGroup;
			children = (
				6988C6F62B3621AA00F60F9F /* MBButton.swift */,
				6988C6F82B3710EB00F60F9F /* MBTextField.swift */,
				6988C7022B387E2900F60F9F /* MBLoader.swift */,
				6988C7092B38BD0C00F60F9F /* MBDropdownButton.swift */,
			);
			path = Components;
			sourceTree = "<group>";
		};
		6988C7062B38904B00F60F9F /* Onboarding */ = {
			isa = PBXGroup;
			children = (
				6988C7072B38907400F60F9F /* MBLocationOnboardingView.swift */,
				6988C70E2B38EE6F00F60F9F /* MBOnboardingListView.swift */,
			);
			path = Onboarding;
			sourceTree = "<group>";
		};
/* End PBXGroup section */

/* Begin PBXNativeTarget section */
		6988C4FB2B32072100F60F9F /* MaBook */ = {
			isa = PBXNativeTarget;
			buildConfigurationList = 6988C5132B32072200F60F9F /* Build configuration list for PBXNativeTarget "MaBook" */;
			buildPhases = (
				6988C4F82B32072100F60F9F /* Sources */,
				6988C4F92B32072100F60F9F /* Frameworks */,
				6988C4FA2B32072100F60F9F /* Resources */,
			);
			buildRules = (
			);
			dependencies = (
			);
			name = MaBook;
			productName = MaBook;
			productReference = 6988C4FC2B32072100F60F9F /* MaBook.app */;
			productType = "com.apple.product-type.application";
		};
/* End PBXNativeTarget section */

/* Begin PBXProject section */
		6988C4F42B32072100F60F9F /* Project object */ = {
			isa = PBXProject;
			attributes = {
				BuildIndependentTargetsInParallel = 1;
				LastSwiftUpdateCheck = 1510;
				LastUpgradeCheck = 1510;
				TargetAttributes = {
					6988C4FB2B32072100F60F9F = {
						CreatedOnToolsVersion = 15.1;
					};
				};
			};
			buildConfigurationList = 6988C4F72B32072100F60F9F /* Build configuration list for PBXProject "MaBook" */;
			compatibilityVersion = "Xcode 14.0";
			developmentRegion = en;
			hasScannedForEncodings = 0;
			knownRegions = (
				en,
				Base,
			);
			mainGroup = 6988C4F32B32072100F60F9F;
			productRefGroup = 6988C4FD2B32072100F60F9F /* Products */;
			projectDirPath = "";
			projectRoot = "";
			targets = (
				6988C4FB2B32072100F60F9F /* MaBook */,
			);
		};
/* End PBXProject section */

/* Begin PBXResourcesBuildPhase section */
		6988C4FA2B32072100F60F9F /* Resources */ = {
			isa = PBXResourcesBuildPhase;
			buildActionMask = 2147483647;
			files = (
				6988C50F2B32072200F60F9F /* LaunchScreen.storyboard in Resources */,
				6988C50C2B32072200F60F9F /* Assets.xcassets in Resources */,
				6988C70B2B38C8F200F60F9F /* RobotoCondensed-VariableFont_wght.ttf in Resources */,
			);
			runOnlyForDeploymentPostprocessing = 0;
		};
/* End PBXResourcesBuildPhase section */

/* Begin PBXSourcesBuildPhase section */
		6988C4F82B32072100F60F9F /* Sources */ = {
			isa = PBXSourcesBuildPhase;
			buildActionMask = 2147483647;
			files = (
				6988C51F2B320B8800F60F9F /* MBEmailSignInViewController.swift in Sources */,
				6988C5302B32101600F60F9F /* AuthManager.swift in Sources */,
				6988C6EF2B361B9F00F60F9F /* MBSignInOptionsView.swift in Sources */,
				6988C50A2B32072100F60F9F /* MaBook.xcdatamodeld in Sources */,
				6988C5042B32072100F60F9F /* MBSignInViewController.swift in Sources */,
				6988C7082B38907400F60F9F /* MBLocationOnboardingView.swift in Sources */,
				6988C5372B322A1700F60F9F /* MBEndpoint.swift in Sources */,
				6988C6EA2B35EB5900F60F9F /* OnboardingManager.swift in Sources */,
				6988C5232B320CA400F60F9F /* MBWelcomeSplashViewController.swift in Sources */,
				6988C6FB2B37144800F60F9F /* MBEmailSignInView.swift in Sources */,
				6988C5212B320C7900F60F9F /* MBUsernameSignUpViewController.swift in Sources */,
				6988C6F42B36214E00F60F9F /* Extensions.swift in Sources */,
				6988C70D2B38D22300F60F9F /* MBOnboardingListViewController.swift in Sources */,
				6988C7032B387E2900F60F9F /* MBLoader.swift in Sources */,
				6988C53C2B32320900F60F9F /* User.swift in Sources */,
				6988C5352B32122100F60F9F /* MBRequest.swift in Sources */,
				6988C53A2B322FEA00F60F9F /* MBLogger.swift in Sources */,
				6988C5272B320CF100F60F9F /* MBLocationOnboardingViewController.swift in Sources */,
				6988C5332B32120600F60F9F /* MBApiCaller.swift in Sources */,
				6988C6EC2B35EEFA00F60F9F /* LocalStateManager.swift in Sources */,
				6988C7012B3862D700F60F9F /* MBUsernameSignUpView.swift in Sources */,
				6988C6FD2B37270F00F60F9F /* MBSignUpView.swift in Sources */,
				6988C52E2B320D8400F60F9F /* MBTabBarViewController.swift in Sources */,
				6988C51D2B320B0D00F60F9F /* MBSignUpViewController.swift in Sources */,
				6988C5292B320D3700F60F9F /* MBPermissionsOnboardingViewController.swift in Sources */,
				6988C53E2B32325F00F60F9F /* MBAuthResponse.swift in Sources */,
				6988C7052B3889CF00F60F9F /* MBOnboardingResponse.swift in Sources */,
				6988C6F92B3710EB00F60F9F /* MBTextField.swift in Sources */,
				6988C6F72B3621AA00F60F9F /* MBButton.swift in Sources */,
				6988C70F2B38EE6F00F60F9F /* MBOnboardingListView.swift in Sources */,
				6988C70A2B38BD0C00F60F9F /* MBDropdownButton.swift in Sources */,
				6988C5002B32072100F60F9F /* AppDelegate.swift in Sources */,
				6988C5022B32072100F60F9F /* SceneDelegate.swift in Sources */,
			);
			runOnlyForDeploymentPostprocessing = 0;
		};
/* End PBXSourcesBuildPhase section */

/* Begin PBXVariantGroup section */
		6988C50D2B32072200F60F9F /* LaunchScreen.storyboard */ = {
			isa = PBXVariantGroup;
			children = (
				6988C50E2B32072200F60F9F /* Base */,
			);
			name = LaunchScreen.storyboard;
			sourceTree = "<group>";
		};
/* End PBXVariantGroup section */

/* Begin XCBuildConfiguration section */
		6988C5112B32072200F60F9F /* Debug */ = {
			isa = XCBuildConfiguration;
			buildSettings = {
				ALWAYS_SEARCH_USER_PATHS = NO;
				ASSETCATALOG_COMPILER_GENERATE_SWIFT_ASSET_SYMBOL_EXTENSIONS = YES;
				CLANG_ANALYZER_NONNULL = YES;
				CLANG_ANALYZER_NUMBER_OBJECT_CONVERSION = YES_AGGRESSIVE;
				CLANG_CXX_LANGUAGE_STANDARD = "gnu++20";
				CLANG_ENABLE_MODULES = YES;
				CLANG_ENABLE_OBJC_ARC = YES;
				CLANG_ENABLE_OBJC_WEAK = YES;
				CLANG_WARN_BLOCK_CAPTURE_AUTORELEASING = YES;
				CLANG_WARN_BOOL_CONVERSION = YES;
				CLANG_WARN_COMMA = YES;
				CLANG_WARN_CONSTANT_CONVERSION = YES;
				CLANG_WARN_DEPRECATED_OBJC_IMPLEMENTATIONS = YES;
				CLANG_WARN_DIRECT_OBJC_ISA_USAGE = YES_ERROR;
				CLANG_WARN_DOCUMENTATION_COMMENTS = YES;
				CLANG_WARN_EMPTY_BODY = YES;
				CLANG_WARN_ENUM_CONVERSION = YES;
				CLANG_WARN_INFINITE_RECURSION = YES;
				CLANG_WARN_INT_CONVERSION = YES;
				CLANG_WARN_NON_LITERAL_NULL_CONVERSION = YES;
				CLANG_WARN_OBJC_IMPLICIT_RETAIN_SELF = YES;
				CLANG_WARN_OBJC_LITERAL_CONVERSION = YES;
				CLANG_WARN_OBJC_ROOT_CLASS = YES_ERROR;
				CLANG_WARN_QUOTED_INCLUDE_IN_FRAMEWORK_HEADER = YES;
				CLANG_WARN_RANGE_LOOP_ANALYSIS = YES;
				CLANG_WARN_STRICT_PROTOTYPES = YES;
				CLANG_WARN_SUSPICIOUS_MOVE = YES;
				CLANG_WARN_UNGUARDED_AVAILABILITY = YES_AGGRESSIVE;
				CLANG_WARN_UNREACHABLE_CODE = YES;
				CLANG_WARN__DUPLICATE_METHOD_MATCH = YES;
				COPY_PHASE_STRIP = NO;
				DEBUG_INFORMATION_FORMAT = dwarf;
				ENABLE_STRICT_OBJC_MSGSEND = YES;
				ENABLE_TESTABILITY = YES;
				ENABLE_USER_SCRIPT_SANDBOXING = YES;
				GCC_C_LANGUAGE_STANDARD = gnu17;
				GCC_DYNAMIC_NO_PIC = NO;
				GCC_NO_COMMON_BLOCKS = YES;
				GCC_OPTIMIZATION_LEVEL = 0;
				GCC_PREPROCESSOR_DEFINITIONS = (
					"DEBUG=1",
					"$(inherited)",
				);
				GCC_WARN_64_TO_32_BIT_CONVERSION = YES;
				GCC_WARN_ABOUT_RETURN_TYPE = YES_ERROR;
				GCC_WARN_UNDECLARED_SELECTOR = YES;
				GCC_WARN_UNINITIALIZED_AUTOS = YES_AGGRESSIVE;
				GCC_WARN_UNUSED_FUNCTION = YES;
				GCC_WARN_UNUSED_VARIABLE = YES;
				IPHONEOS_DEPLOYMENT_TARGET = 17.2;
				LOCALIZATION_PREFERS_STRING_CATALOGS = YES;
				MTL_ENABLE_DEBUG_INFO = INCLUDE_SOURCE;
				MTL_FAST_MATH = YES;
				ONLY_ACTIVE_ARCH = YES;
				SDKROOT = iphoneos;
				SWIFT_ACTIVE_COMPILATION_CONDITIONS = "DEBUG $(inherited)";
				SWIFT_OPTIMIZATION_LEVEL = "-Onone";
			};
			name = Debug;
		};
		6988C5122B32072200F60F9F /* Release */ = {
			isa = XCBuildConfiguration;
			buildSettings = {
				ALWAYS_SEARCH_USER_PATHS = NO;
				ASSETCATALOG_COMPILER_GENERATE_SWIFT_ASSET_SYMBOL_EXTENSIONS = YES;
				CLANG_ANALYZER_NONNULL = YES;
				CLANG_ANALYZER_NUMBER_OBJECT_CONVERSION = YES_AGGRESSIVE;
				CLANG_CXX_LANGUAGE_STANDARD = "gnu++20";
				CLANG_ENABLE_MODULES = YES;
				CLANG_ENABLE_OBJC_ARC = YES;
				CLANG_ENABLE_OBJC_WEAK = YES;
				CLANG_WARN_BLOCK_CAPTURE_AUTORELEASING = YES;
				CLANG_WARN_BOOL_CONVERSION = YES;
				CLANG_WARN_COMMA = YES;
				CLANG_WARN_CONSTANT_CONVERSION = YES;
				CLANG_WARN_DEPRECATED_OBJC_IMPLEMENTATIONS = YES;
				CLANG_WARN_DIRECT_OBJC_ISA_USAGE = YES_ERROR;
				CLANG_WARN_DOCUMENTATION_COMMENTS = YES;
				CLANG_WARN_EMPTY_BODY = YES;
				CLANG_WARN_ENUM_CONVERSION = YES;
				CLANG_WARN_INFINITE_RECURSION = YES;
				CLANG_WARN_INT_CONVERSION = YES;
				CLANG_WARN_NON_LITERAL_NULL_CONVERSION = YES;
				CLANG_WARN_OBJC_IMPLICIT_RETAIN_SELF = YES;
				CLANG_WARN_OBJC_LITERAL_CONVERSION = YES;
				CLANG_WARN_OBJC_ROOT_CLASS = YES_ERROR;
				CLANG_WARN_QUOTED_INCLUDE_IN_FRAMEWORK_HEADER = YES;
				CLANG_WARN_RANGE_LOOP_ANALYSIS = YES;
				CLANG_WARN_STRICT_PROTOTYPES = YES;
				CLANG_WARN_SUSPICIOUS_MOVE = YES;
				CLANG_WARN_UNGUARDED_AVAILABILITY = YES_AGGRESSIVE;
				CLANG_WARN_UNREACHABLE_CODE = YES;
				CLANG_WARN__DUPLICATE_METHOD_MATCH = YES;
				COPY_PHASE_STRIP = NO;
				DEBUG_INFORMATION_FORMAT = "dwarf-with-dsym";
				ENABLE_NS_ASSERTIONS = NO;
				ENABLE_STRICT_OBJC_MSGSEND = YES;
				ENABLE_USER_SCRIPT_SANDBOXING = YES;
				GCC_C_LANGUAGE_STANDARD = gnu17;
				GCC_NO_COMMON_BLOCKS = YES;
				GCC_WARN_64_TO_32_BIT_CONVERSION = YES;
				GCC_WARN_ABOUT_RETURN_TYPE = YES_ERROR;
				GCC_WARN_UNDECLARED_SELECTOR = YES;
				GCC_WARN_UNINITIALIZED_AUTOS = YES_AGGRESSIVE;
				GCC_WARN_UNUSED_FUNCTION = YES;
				GCC_WARN_UNUSED_VARIABLE = YES;
				IPHONEOS_DEPLOYMENT_TARGET = 17.2;
				LOCALIZATION_PREFERS_STRING_CATALOGS = YES;
				MTL_ENABLE_DEBUG_INFO = NO;
				MTL_FAST_MATH = YES;
				SDKROOT = iphoneos;
				SWIFT_COMPILATION_MODE = wholemodule;
				VALIDATE_PRODUCT = YES;
			};
			name = Release;
		};
		6988C5142B32072200F60F9F /* Debug */ = {
			isa = XCBuildConfiguration;
			buildSettings = {
				ASSETCATALOG_COMPILER_APPICON_NAME = AppIcon;
				ASSETCATALOG_COMPILER_GLOBAL_ACCENT_COLOR_NAME = AccentColor;
				CODE_SIGN_STYLE = Automatic;
				CURRENT_PROJECT_VERSION = 1;
				DEVELOPMENT_TEAM = MGAFZF85L6;
				GENERATE_INFOPLIST_FILE = YES;
				INFOPLIST_FILE = MaBook/Info.plist;
				INFOPLIST_KEY_UIApplicationSupportsIndirectInputEvents = YES;
				INFOPLIST_KEY_UILaunchStoryboardName = LaunchScreen;
				INFOPLIST_KEY_UISupportedInterfaceOrientations = UIInterfaceOrientationPortrait;
				INFOPLIST_KEY_UISupportedInterfaceOrientations_iPad = "UIInterfaceOrientationLandscapeLeft UIInterfaceOrientationLandscapeRight UIInterfaceOrientationPortrait UIInterfaceOrientationPortraitUpsideDown";
				IPHONEOS_DEPLOYMENT_TARGET = 16.4;
				LD_RUNPATH_SEARCH_PATHS = (
					"$(inherited)",
					"@executable_path/Frameworks",
				);
				MARKETING_VERSION = 1.0;
				PRODUCT_BUNDLE_IDENTIFIER = com.personal.MaBook;
				PRODUCT_NAME = "$(TARGET_NAME)";
				SUPPORTED_PLATFORMS = "iphoneos iphonesimulator";
				SUPPORTS_MACCATALYST = NO;
				SUPPORTS_MAC_DESIGNED_FOR_IPHONE_IPAD = NO;
				SWIFT_EMIT_LOC_STRINGS = YES;
				SWIFT_VERSION = 5.0;
				TARGETED_DEVICE_FAMILY = 1;
			};
			name = Debug;
		};
		6988C5152B32072200F60F9F /* Release */ = {
			isa = XCBuildConfiguration;
			buildSettings = {
				ASSETCATALOG_COMPILER_APPICON_NAME = AppIcon;
				ASSETCATALOG_COMPILER_GLOBAL_ACCENT_COLOR_NAME = AccentColor;
				CODE_SIGN_STYLE = Automatic;
				CURRENT_PROJECT_VERSION = 1;
				DEVELOPMENT_TEAM = MGAFZF85L6;
				GENERATE_INFOPLIST_FILE = YES;
				INFOPLIST_FILE = MaBook/Info.plist;
				INFOPLIST_KEY_UIApplicationSupportsIndirectInputEvents = YES;
				INFOPLIST_KEY_UILaunchStoryboardName = LaunchScreen;
				INFOPLIST_KEY_UISupportedInterfaceOrientations = UIInterfaceOrientationPortrait;
				INFOPLIST_KEY_UISupportedInterfaceOrientations_iPad = "UIInterfaceOrientationLandscapeLeft UIInterfaceOrientationLandscapeRight UIInterfaceOrientationPortrait UIInterfaceOrientationPortraitUpsideDown";
				IPHONEOS_DEPLOYMENT_TARGET = 16.4;
				LD_RUNPATH_SEARCH_PATHS = (
					"$(inherited)",
					"@executable_path/Frameworks",
				);
				MARKETING_VERSION = 1.0;
				PRODUCT_BUNDLE_IDENTIFIER = com.personal.MaBook;
				PRODUCT_NAME = "$(TARGET_NAME)";
				SUPPORTED_PLATFORMS = "iphoneos iphonesimulator";
				SUPPORTS_MACCATALYST = NO;
				SUPPORTS_MAC_DESIGNED_FOR_IPHONE_IPAD = NO;
				SWIFT_EMIT_LOC_STRINGS = YES;
				SWIFT_VERSION = 5.0;
				TARGETED_DEVICE_FAMILY = 1;
			};
			name = Release;
		};
/* End XCBuildConfiguration section */

/* Begin XCConfigurationList section */
		6988C4F72B32072100F60F9F /* Build configuration list for PBXProject "MaBook" */ = {
			isa = XCConfigurationList;
			buildConfigurations = (
				6988C5112B32072200F60F9F /* Debug */,
				6988C5122B32072200F60F9F /* Release */,
			);
			defaultConfigurationIsVisible = 0;
			defaultConfigurationName = Release;
		};
		6988C5132B32072200F60F9F /* Build configuration list for PBXNativeTarget "MaBook" */ = {
			isa = XCConfigurationList;
			buildConfigurations = (
				6988C5142B32072200F60F9F /* Debug */,
				6988C5152B32072200F60F9F /* Release */,
			);
			defaultConfigurationIsVisible = 0;
			defaultConfigurationName = Release;
		};
/* End XCConfigurationList section */

/* Begin XCVersionGroup section */
		6988C5082B32072100F60F9F /* MaBook.xcdatamodeld */ = {
			isa = XCVersionGroup;
			children = (
				6988C5092B32072100F60F9F /* MaBook.xcdatamodel */,
			);
			currentVersion = 6988C5092B32072100F60F9F /* MaBook.xcdatamodel */;
			path = MaBook.xcdatamodeld;
			sourceTree = "<group>";
			versionGroupType = wrapper.xcdatamodel;
		};
/* End XCVersionGroup section */
	};
	rootObject = 6988C4F42B32072100F60F9F /* Project object */;
}
