// !$*UTF8*$!
{
	archiveVersion = 1;
	classes = {
	};
	objectVersion = 56;
	objects = {

/* Begin PBXBuildFile section */
		6901F1242B56CC5E005B9B9C /* MBProfileCollectionViewCell.swift in Sources */ = {isa = PBXBuildFile; fileRef = 6901F1232B56CC5E005B9B9C /* MBProfileCollectionViewCell.swift */; };
		6901F1262B570FE7005B9B9C /* MBProfileViewModel.swift in Sources */ = {isa = PBXBuildFile; fileRef = 6901F1252B570FE7005B9B9C /* MBProfileViewModel.swift */; };
		6901F1292B57128E005B9B9C /* MBUserInfoCellViewModel.swift in Sources */ = {isa = PBXBuildFile; fileRef = 6901F1282B57128E005B9B9C /* MBUserInfoCellViewModel.swift */; };
		6901F12B2B5712AD005B9B9C /* MBGenericProfileCellViewModel.swift in Sources */ = {isa = PBXBuildFile; fileRef = 6901F12A2B5712AD005B9B9C /* MBGenericProfileCellViewModel.swift */; };
		6901F12F2B57227E005B9B9C /* MBProfileHashable.swift in Sources */ = {isa = PBXBuildFile; fileRef = 6901F12E2B57227E005B9B9C /* MBProfileHashable.swift */; };
		6901F2D32B599EF3005B9B9C /* MBHeaderCollectionReusableView.swift in Sources */ = {isa = PBXBuildFile; fileRef = 6901F2D22B599EF3005B9B9C /* MBHeaderCollectionReusableView.swift */; };
		6905F6772B39FDAF006D45FE /* MBExploreViewController.swift in Sources */ = {isa = PBXBuildFile; fileRef = 6905F6762B39FDAF006D45FE /* MBExploreViewController.swift */; };
		6905F6792B39FDC2006D45FE /* MBExchangeBookViewController.swift in Sources */ = {isa = PBXBuildFile; fileRef = 6905F6782B39FDC2006D45FE /* MBExchangeBookViewController.swift */; };
		6905F67B2B39FDCE006D45FE /* MBMyPageViewController.swift in Sources */ = {isa = PBXBuildFile; fileRef = 6905F67A2B39FDCE006D45FE /* MBMyPageViewController.swift */; };
		6905F67D2B3A0432006D45FE /* MBPermissionsOnboardingView.swift in Sources */ = {isa = PBXBuildFile; fileRef = 6905F67C2B3A0432006D45FE /* MBPermissionsOnboardingView.swift */; };
		6905F67F2B3A0547006D45FE /* MBStrings.swift in Sources */ = {isa = PBXBuildFile; fileRef = 6905F67E2B3A0547006D45FE /* MBStrings.swift */; };
		6905F7DA2B3B6120006D45FE /* MBExploreView.swift in Sources */ = {isa = PBXBuildFile; fileRef = 6905F7D92B3B6120006D45FE /* MBExploreView.swift */; };
		6905F7DD2B3B6146006D45FE /* MBExploreViewViewModel.swift in Sources */ = {isa = PBXBuildFile; fileRef = 6905F7DC2B3B6146006D45FE /* MBExploreViewViewModel.swift */; };
		6905F7DF2B3B62D1006D45FE /* Book.swift in Sources */ = {isa = PBXBuildFile; fileRef = 6905F7DE2B3B62D1006D45FE /* Book.swift */; };
		6905F7E42B3B6438006D45FE /* MBBooksHomeResponse.swift in Sources */ = {isa = PBXBuildFile; fileRef = 6905F7E32B3B6438006D45FE /* MBBooksHomeResponse.swift */; };
		6905F7E62B3B6BDB006D45FE /* MBCategoriesCollectionViewCell.swift in Sources */ = {isa = PBXBuildFile; fileRef = 6905F7E52B3B6BDB006D45FE /* MBCategoriesCollectionViewCell.swift */; };
		6905F7E82B3B6BEF006D45FE /* MBBookCollectionViewCell.swift in Sources */ = {isa = PBXBuildFile; fileRef = 6905F7E72B3B6BEF006D45FE /* MBBookCollectionViewCell.swift */; };
		6905F7EC2B3C3B85006D45FE /* MBViewsBadgeView.swift in Sources */ = {isa = PBXBuildFile; fileRef = 6905F7EB2B3C3B85006D45FE /* MBViewsBadgeView.swift */; };
		6905F9482B3C6665006D45FE /* MBCompositionalLayout.swift in Sources */ = {isa = PBXBuildFile; fileRef = 6905F9472B3C6665006D45FE /* MBCompositionalLayout.swift */; };
		6905F94E2B3C8FB6006D45FE /* MBExploreSectionCollectionReusableView.swift in Sources */ = {isa = PBXBuildFile; fileRef = 6905F94D2B3C8FB6006D45FE /* MBExploreSectionCollectionReusableView.swift */; };
		6905F9502B3CBE0B006D45FE /* MBGetUserResponse.swift in Sources */ = {isa = PBXBuildFile; fileRef = 6905F94F2B3CBE0B006D45FE /* MBGetUserResponse.swift */; };
		6905F9522B3D69D1006D45FE /* MBTimestamtBadgeView.swift in Sources */ = {isa = PBXBuildFile; fileRef = 6905F9512B3D69D1006D45FE /* MBTimestamtBadgeView.swift */; };
		6905F9542B3D8C06006D45FE /* MBFloatingCartButton.swift in Sources */ = {isa = PBXBuildFile; fileRef = 6905F9532B3D8C06006D45FE /* MBFloatingCartButton.swift */; };
		6905F9572B3DC026006D45FE /* MBBooksListViewController.swift in Sources */ = {isa = PBXBuildFile; fileRef = 6905F9562B3DC026006D45FE /* MBBooksListViewController.swift */; };
		6905F9592B3DC036006D45FE /* MBCategoriesListViewController.swift in Sources */ = {isa = PBXBuildFile; fileRef = 6905F9582B3DC036006D45FE /* MBCategoriesListViewController.swift */; };
		6905F95B2B3DEA8A006D45FE /* MBApiCacheManager.swift in Sources */ = {isa = PBXBuildFile; fileRef = 6905F95A2B3DEA89006D45FE /* MBApiCacheManager.swift */; };
		6905F95F2B3E2FB5006D45FE /* MBCategoriesListView.swift in Sources */ = {isa = PBXBuildFile; fileRef = 6905F95E2B3E2FB5006D45FE /* MBCategoriesListView.swift */; };
		6905F9612B3E2FCA006D45FE /* MBBooksListView.swift in Sources */ = {isa = PBXBuildFile; fileRef = 6905F9602B3E2FCA006D45FE /* MBBooksListView.swift */; };
		6905F9632B3E3035006D45FE /* MBBooksListFilterView.swift in Sources */ = {isa = PBXBuildFile; fileRef = 6905F9622B3E3035006D45FE /* MBBooksListFilterView.swift */; };
		6905F9652B3E38C7006D45FE /* MBBookListCollectionViewCell.swift in Sources */ = {isa = PBXBuildFile; fileRef = 6905F9642B3E38C7006D45FE /* MBBookListCollectionViewCell.swift */; };
		6905F9672B3EE3DB006D45FE /* MBBookListViewViewModel.swift in Sources */ = {isa = PBXBuildFile; fileRef = 6905F9662B3EE3DB006D45FE /* MBBookListViewViewModel.swift */; };
		6905F9692B3F15D3006D45FE /* MBBooksSectionResponse.swift in Sources */ = {isa = PBXBuildFile; fileRef = 6905F9682B3F15D3006D45FE /* MBBooksSectionResponse.swift */; };
		6905F96C2B3F5FEB006D45FE /* UIScrollView_InfiniteScroll in Frameworks */ = {isa = PBXBuildFile; productRef = 6905F96B2B3F5FEB006D45FE /* UIScrollView_InfiniteScroll */; };
		6916E19F2B52AD610089505A /* MBUserInfoCollectionViewCell.swift in Sources */ = {isa = PBXBuildFile; fileRef = 6916E19E2B52AD610089505A /* MBUserInfoCollectionViewCell.swift */; };
		6916E1A12B52AD860089505A /* MBGenericSettingsOptionView.swift in Sources */ = {isa = PBXBuildFile; fileRef = 6916E1A02B52AD860089505A /* MBGenericSettingsOptionView.swift */; };
		691BDCE12B40904300F680F6 /* MBBookDetailsViewController.swift in Sources */ = {isa = PBXBuildFile; fileRef = 691BDCE02B40904300F680F6 /* MBBookDetailsViewController.swift */; };
		691BDCE42B40909700F680F6 /* MBBookDetailsView.swift in Sources */ = {isa = PBXBuildFile; fileRef = 691BDCE32B40909700F680F6 /* MBBookDetailsView.swift */; };
		691BDCE62B41A3CC00F680F6 /* MBBookPhotosCollectionViewCell.swift in Sources */ = {isa = PBXBuildFile; fileRef = 691BDCE52B41A3CC00F680F6 /* MBBookPhotosCollectionViewCell.swift */; };
		691BDCE82B41A41A00F680F6 /* MBBookSummaryCollectionViewCell.swift in Sources */ = {isa = PBXBuildFile; fileRef = 691BDCE72B41A41A00F680F6 /* MBBookSummaryCollectionViewCell.swift */; };
		691BDCEB2B41D7C500F680F6 /* MBBooksDetailViewViewModel.swift in Sources */ = {isa = PBXBuildFile; fileRef = 691BDCEA2B41D7C500F680F6 /* MBBooksDetailViewViewModel.swift */; };
		691BDCED2B41FF1900F680F6 /* MBPhotoSectionViewModel.swift in Sources */ = {isa = PBXBuildFile; fileRef = 691BDCEC2B41FF1900F680F6 /* MBPhotoSectionViewModel.swift */; };
		691BDCEF2B41FF5700F680F6 /* MBSummarySectionViewModel.swift in Sources */ = {isa = PBXBuildFile; fileRef = 691BDCEE2B41FF5700F680F6 /* MBSummarySectionViewModel.swift */; };
		691BDCF12B41FFC300F680F6 /* MBInfoSectionViewModel.swift in Sources */ = {isa = PBXBuildFile; fileRef = 691BDCF02B41FFC300F680F6 /* MBInfoSectionViewModel.swift */; };
		691BDCF72B42116500F680F6 /* MBReusableCell.swift in Sources */ = {isa = PBXBuildFile; fileRef = 691BDCF62B42116500F680F6 /* MBReusableCell.swift */; };
		691BDCF92B42417B00F680F6 /* MBBookInfoCollectionViewCell.swift in Sources */ = {isa = PBXBuildFile; fileRef = 691BDCF82B42417B00F680F6 /* MBBookInfoCollectionViewCell.swift */; };
		691BDCFB2B424FBD00F680F6 /* MBBookDetailsResponse.swift in Sources */ = {isa = PBXBuildFile; fileRef = 691BDCFA2B424FBD00F680F6 /* MBBookDetailsResponse.swift */; };
		697C665D2B459AB10073659C /* MBBookListFilterAvailableCell.swift in Sources */ = {isa = PBXBuildFile; fileRef = 697C665C2B459AB10073659C /* MBBookListFilterAvailableCell.swift */; };
		697C66602B459DF40073659C /* MBBookListFiltersViewModel.swift in Sources */ = {isa = PBXBuildFile; fileRef = 697C665F2B459DF40073659C /* MBBookListFiltersViewModel.swift */; };
		697C66622B45AB480073659C /* MBBookListFilterExpandableCell.swift in Sources */ = {isa = PBXBuildFile; fileRef = 697C66612B45AB480073659C /* MBBookListFilterExpandableCell.swift */; };
		697C66642B45AB790073659C /* MBBookFilterTextFiledCell.swift in Sources */ = {isa = PBXBuildFile; fileRef = 697C66632B45AB790073659C /* MBBookFilterTextFiledCell.swift */; };
		697C66662B45C08F0073659C /* MBBookFilterViewController.swift in Sources */ = {isa = PBXBuildFile; fileRef = 697C66652B45C08F0073659C /* MBBookFilterViewController.swift */; };
		697C66692B489A4E0073659C /* MBSearchViewController.swift in Sources */ = {isa = PBXBuildFile; fileRef = 697C66682B489A4E0073659C /* MBSearchViewController.swift */; };
		697C666B2B489B380073659C /* MBSearchResultsViewController.swift in Sources */ = {isa = PBXBuildFile; fileRef = 697C666A2B489B380073659C /* MBSearchResultsViewController.swift */; };
		697C666E2B48A8D10073659C /* MBSearchView.swift in Sources */ = {isa = PBXBuildFile; fileRef = 697C666D2B48A8D10073659C /* MBSearchView.swift */; };
		697C66712B49892B0073659C /* MBSearchViewModel.swift in Sources */ = {isa = PBXBuildFile; fileRef = 697C66702B49892B0073659C /* MBSearchViewModel.swift */; };
		697C66732B49C3E20073659C /* MBTableHeaderReusableView.swift in Sources */ = {isa = PBXBuildFile; fileRef = 697C66722B49C3E20073659C /* MBTableHeaderReusableView.swift */; };
		697C66752B49CB790073659C /* MBSearchResponse.swift in Sources */ = {isa = PBXBuildFile; fileRef = 697C66742B49CB790073659C /* MBSearchResponse.swift */; };
		697C66772B49DFAC0073659C /* MBSearchTableViewCell.swift in Sources */ = {isa = PBXBuildFile; fileRef = 697C66762B49DFAC0073659C /* MBSearchTableViewCell.swift */; };
		697C667A2B49F5590073659C /* MBRequestedBooksResponse.swift in Sources */ = {isa = PBXBuildFile; fileRef = 697C66792B49F5590073659C /* MBRequestedBooksResponse.swift */; };
		6988C5002B32072100F60F9F /* AppDelegate.swift in Sources */ = {isa = PBXBuildFile; fileRef = 6988C4FF2B32072100F60F9F /* AppDelegate.swift */; };
		6988C5022B32072100F60F9F /* SceneDelegate.swift in Sources */ = {isa = PBXBuildFile; fileRef = 6988C5012B32072100F60F9F /* SceneDelegate.swift */; };
		6988C5042B32072100F60F9F /* MBSignInViewController.swift in Sources */ = {isa = PBXBuildFile; fileRef = 6988C5032B32072100F60F9F /* MBSignInViewController.swift */; };
		6988C50A2B32072100F60F9F /* MaBook.xcdatamodeld in Sources */ = {isa = PBXBuildFile; fileRef = 6988C5082B32072100F60F9F /* MaBook.xcdatamodeld */; };
		6988C50C2B32072200F60F9F /* Assets.xcassets in Resources */ = {isa = PBXBuildFile; fileRef = 6988C50B2B32072200F60F9F /* Assets.xcassets */; };
		6988C50F2B32072200F60F9F /* LaunchScreen.storyboard in Resources */ = {isa = PBXBuildFile; fileRef = 6988C50D2B32072200F60F9F /* LaunchScreen.storyboard */; };
		6988C51D2B320B0D00F60F9F /* MBSignUpViewController.swift in Sources */ = {isa = PBXBuildFile; fileRef = 6988C51C2B320B0D00F60F9F /* MBSignUpViewController.swift */; };
		6988C51F2B320B8800F60F9F /* MBEmailSignInViewController.swift in Sources */ = {isa = PBXBuildFile; fileRef = 6988C51E2B320B8800F60F9F /* MBEmailSignInViewController.swift */; };
		6988C5212B320C7900F60F9F /* MBUsernameSignUpViewController.swift in Sources */ = {isa = PBXBuildFile; fileRef = 6988C5202B320C7900F60F9F /* MBUsernameSignUpViewController.swift */; };
		6988C5232B320CA400F60F9F /* MBWelcomeSplashViewController.swift in Sources */ = {isa = PBXBuildFile; fileRef = 6988C5222B320CA400F60F9F /* MBWelcomeSplashViewController.swift */; };
		6988C5272B320CF100F60F9F /* MBLocationOnboardingViewController.swift in Sources */ = {isa = PBXBuildFile; fileRef = 6988C5262B320CF100F60F9F /* MBLocationOnboardingViewController.swift */; };
		6988C5292B320D3700F60F9F /* MBPermissionsOnboardingViewController.swift in Sources */ = {isa = PBXBuildFile; fileRef = 6988C5282B320D3700F60F9F /* MBPermissionsOnboardingViewController.swift */; };
		6988C52E2B320D8400F60F9F /* MBTabBarViewController.swift in Sources */ = {isa = PBXBuildFile; fileRef = 6988C52D2B320D8400F60F9F /* MBTabBarViewController.swift */; };
		6988C5302B32101600F60F9F /* AuthManager.swift in Sources */ = {isa = PBXBuildFile; fileRef = 6988C52F2B32101600F60F9F /* AuthManager.swift */; };
		6988C5332B32120600F60F9F /* MBApiCaller.swift in Sources */ = {isa = PBXBuildFile; fileRef = 6988C5322B32120600F60F9F /* MBApiCaller.swift */; };
		6988C5352B32122100F60F9F /* MBRequest.swift in Sources */ = {isa = PBXBuildFile; fileRef = 6988C5342B32122100F60F9F /* MBRequest.swift */; };
		6988C5372B322A1700F60F9F /* MBEndpoint.swift in Sources */ = {isa = PBXBuildFile; fileRef = 6988C5362B322A1700F60F9F /* MBEndpoint.swift */; };
		6988C53A2B322FEA00F60F9F /* MBLogger.swift in Sources */ = {isa = PBXBuildFile; fileRef = 6988C5392B322FEA00F60F9F /* MBLogger.swift */; };
		6988C53C2B32320900F60F9F /* User.swift in Sources */ = {isa = PBXBuildFile; fileRef = 6988C53B2B32320900F60F9F /* User.swift */; };
		6988C53E2B32325F00F60F9F /* MBAuthResponse.swift in Sources */ = {isa = PBXBuildFile; fileRef = 6988C53D2B32325F00F60F9F /* MBAuthResponse.swift */; };
		6988C6EA2B35EB5900F60F9F /* OnboardingManager.swift in Sources */ = {isa = PBXBuildFile; fileRef = 6988C6E92B35EB5900F60F9F /* OnboardingManager.swift */; };
		6988C6EC2B35EEFA00F60F9F /* LocalStateManager.swift in Sources */ = {isa = PBXBuildFile; fileRef = 6988C6EB2B35EEFA00F60F9F /* LocalStateManager.swift */; };
		6988C6EF2B361B9F00F60F9F /* MBSignInOptionsView.swift in Sources */ = {isa = PBXBuildFile; fileRef = 6988C6EE2B361B9F00F60F9F /* MBSignInOptionsView.swift */; };
		6988C6F42B36214E00F60F9F /* Extensions.swift in Sources */ = {isa = PBXBuildFile; fileRef = 6988C6F32B36214E00F60F9F /* Extensions.swift */; };
		6988C6F72B3621AA00F60F9F /* MBButton.swift in Sources */ = {isa = PBXBuildFile; fileRef = 6988C6F62B3621AA00F60F9F /* MBButton.swift */; };
		6988C6F92B3710EB00F60F9F /* MBTextField.swift in Sources */ = {isa = PBXBuildFile; fileRef = 6988C6F82B3710EB00F60F9F /* MBTextField.swift */; };
		6988C6FB2B37144800F60F9F /* MBEmailSignInView.swift in Sources */ = {isa = PBXBuildFile; fileRef = 6988C6FA2B37144800F60F9F /* MBEmailSignInView.swift */; };
		6988C6FD2B37270F00F60F9F /* MBSignUpView.swift in Sources */ = {isa = PBXBuildFile; fileRef = 6988C6FC2B37270F00F60F9F /* MBSignUpView.swift */; };
		6988C7012B3862D700F60F9F /* MBUsernameSignUpView.swift in Sources */ = {isa = PBXBuildFile; fileRef = 6988C7002B3862D700F60F9F /* MBUsernameSignUpView.swift */; };
		6988C7032B387E2900F60F9F /* MBLoader.swift in Sources */ = {isa = PBXBuildFile; fileRef = 6988C7022B387E2900F60F9F /* MBLoader.swift */; };
		6988C7052B3889CF00F60F9F /* MBOnboardingResponse.swift in Sources */ = {isa = PBXBuildFile; fileRef = 6988C7042B3889CF00F60F9F /* MBOnboardingResponse.swift */; };
		6988C7082B38907400F60F9F /* MBLocationOnboardingView.swift in Sources */ = {isa = PBXBuildFile; fileRef = 6988C7072B38907400F60F9F /* MBLocationOnboardingView.swift */; };
		6988C70A2B38BD0C00F60F9F /* MBDropdownButton.swift in Sources */ = {isa = PBXBuildFile; fileRef = 6988C7092B38BD0C00F60F9F /* MBDropdownButton.swift */; };
		6988C70B2B38C8F200F60F9F /* RobotoCondensed-VariableFont_wght.ttf in Resources */ = {isa = PBXBuildFile; fileRef = 6988C6F22B361D3500F60F9F /* RobotoCondensed-VariableFont_wght.ttf */; };
		6988C70D2B38D22300F60F9F /* MBOnboardingListViewController.swift in Sources */ = {isa = PBXBuildFile; fileRef = 6988C70C2B38D22300F60F9F /* MBOnboardingListViewController.swift */; };
		6988C70F2B38EE6F00F60F9F /* MBOnboardingListView.swift in Sources */ = {isa = PBXBuildFile; fileRef = 6988C70E2B38EE6F00F60F9F /* MBOnboardingListView.swift */; };
		69E7D06B2B4C66F60082B07E /* MBCartProvidingView.swift in Sources */ = {isa = PBXBuildFile; fileRef = 69E7D06A2B4C66F60082B07E /* MBCartProvidingView.swift */; };
		69E7D06E2B4C775A0082B07E /* MBCartViewController.swift in Sources */ = {isa = PBXBuildFile; fileRef = 69E7D06D2B4C775A0082B07E /* MBCartViewController.swift */; };
		69E7D0712B4C77EE0082B07E /* MBCartView.swift in Sources */ = {isa = PBXBuildFile; fileRef = 69E7D0702B4C77EE0082B07E /* MBCartView.swift */; };
		69E7D0732B4C7A8B0082B07E /* MBCartSummarySectionView.swift in Sources */ = {isa = PBXBuildFile; fileRef = 69E7D0722B4C7A8B0082B07E /* MBCartSummarySectionView.swift */; };
		69E7D0752B4C86000082B07E /* MBSeparator.swift in Sources */ = {isa = PBXBuildFile; fileRef = 69E7D0742B4C86000082B07E /* MBSeparator.swift */; };
		69E7D0772B4C8E540082B07E /* MBCartItemCollectionViewCell.swift in Sources */ = {isa = PBXBuildFile; fileRef = 69E7D0762B4C8E540082B07E /* MBCartItemCollectionViewCell.swift */; };
		69E7D07A2B4CBB640082B07E /* MBCartViewModel.swift in Sources */ = {isa = PBXBuildFile; fileRef = 69E7D0792B4CBB640082B07E /* MBCartViewModel.swift */; };
		69E7D1F92B4D992B0082B07E /* MBCartProvidingViewController.swift in Sources */ = {isa = PBXBuildFile; fileRef = 69E7D1F82B4D992B0082B07E /* MBCartProvidingViewController.swift */; };
		69E7D4542B4EE06D0082B07E /* MBBadgeable.swift in Sources */ = {isa = PBXBuildFile; fileRef = 69E7D4532B4EE06D0082B07E /* MBBadgeable.swift */; };
		69E7D4562B50413D0082B07E /* MBAddToCartResponse.swift in Sources */ = {isa = PBXBuildFile; fileRef = 69E7D4552B50413D0082B07E /* MBAddToCartResponse.swift */; };
		CE8950D9F2269DE7C3A214D9 /* Pods_MaBook.framework in Frameworks */ = {isa = PBXBuildFile; fileRef = F8BEBA31FEC7F672C227D851 /* Pods_MaBook.framework */; };
/* End PBXBuildFile section */

/* Begin PBXFileReference section */
		58C5466A50666FA759B99BAE /* Pods-MaBook.release.xcconfig */ = {isa = PBXFileReference; includeInIndex = 1; lastKnownFileType = text.xcconfig; name = "Pods-MaBook.release.xcconfig"; path = "Target Support Files/Pods-MaBook/Pods-MaBook.release.xcconfig"; sourceTree = "<group>"; };
		6901F1232B56CC5E005B9B9C /* MBProfileCollectionViewCell.swift */ = {isa = PBXFileReference; lastKnownFileType = sourcecode.swift; path = MBProfileCollectionViewCell.swift; sourceTree = "<group>"; };
		6901F1252B570FE7005B9B9C /* MBProfileViewModel.swift */ = {isa = PBXFileReference; lastKnownFileType = sourcecode.swift; path = MBProfileViewModel.swift; sourceTree = "<group>"; };
		6901F1282B57128E005B9B9C /* MBUserInfoCellViewModel.swift */ = {isa = PBXFileReference; lastKnownFileType = sourcecode.swift; path = MBUserInfoCellViewModel.swift; sourceTree = "<group>"; };
		6901F12A2B5712AD005B9B9C /* MBGenericProfileCellViewModel.swift */ = {isa = PBXFileReference; lastKnownFileType = sourcecode.swift; path = MBGenericProfileCellViewModel.swift; sourceTree = "<group>"; };
		6901F12E2B57227E005B9B9C /* MBProfileHashable.swift */ = {isa = PBXFileReference; lastKnownFileType = sourcecode.swift; path = MBProfileHashable.swift; sourceTree = "<group>"; };
		6901F2D22B599EF3005B9B9C /* MBHeaderCollectionReusableView.swift */ = {isa = PBXFileReference; lastKnownFileType = sourcecode.swift; path = MBHeaderCollectionReusableView.swift; sourceTree = "<group>"; };
		6905F6762B39FDAF006D45FE /* MBExploreViewController.swift */ = {isa = PBXFileReference; lastKnownFileType = sourcecode.swift; path = MBExploreViewController.swift; sourceTree = "<group>"; };
		6905F6782B39FDC2006D45FE /* MBExchangeBookViewController.swift */ = {isa = PBXFileReference; lastKnownFileType = sourcecode.swift; path = MBExchangeBookViewController.swift; sourceTree = "<group>"; };
		6905F67A2B39FDCE006D45FE /* MBMyPageViewController.swift */ = {isa = PBXFileReference; lastKnownFileType = sourcecode.swift; path = MBMyPageViewController.swift; sourceTree = "<group>"; };
		6905F67C2B3A0432006D45FE /* MBPermissionsOnboardingView.swift */ = {isa = PBXFileReference; lastKnownFileType = sourcecode.swift; path = MBPermissionsOnboardingView.swift; sourceTree = "<group>"; };
		6905F67E2B3A0547006D45FE /* MBStrings.swift */ = {isa = PBXFileReference; lastKnownFileType = sourcecode.swift; path = MBStrings.swift; sourceTree = "<group>"; };
		6905F7D92B3B6120006D45FE /* MBExploreView.swift */ = {isa = PBXFileReference; lastKnownFileType = sourcecode.swift; path = MBExploreView.swift; sourceTree = "<group>"; };
		6905F7DC2B3B6146006D45FE /* MBExploreViewViewModel.swift */ = {isa = PBXFileReference; lastKnownFileType = sourcecode.swift; path = MBExploreViewViewModel.swift; sourceTree = "<group>"; };
		6905F7DE2B3B62D1006D45FE /* Book.swift */ = {isa = PBXFileReference; lastKnownFileType = sourcecode.swift; path = Book.swift; sourceTree = "<group>"; };
		6905F7E32B3B6438006D45FE /* MBBooksHomeResponse.swift */ = {isa = PBXFileReference; lastKnownFileType = sourcecode.swift; path = MBBooksHomeResponse.swift; sourceTree = "<group>"; };
		6905F7E52B3B6BDB006D45FE /* MBCategoriesCollectionViewCell.swift */ = {isa = PBXFileReference; lastKnownFileType = sourcecode.swift; path = MBCategoriesCollectionViewCell.swift; sourceTree = "<group>"; };
		6905F7E72B3B6BEF006D45FE /* MBBookCollectionViewCell.swift */ = {isa = PBXFileReference; lastKnownFileType = sourcecode.swift; path = MBBookCollectionViewCell.swift; sourceTree = "<group>"; };
		6905F7EB2B3C3B85006D45FE /* MBViewsBadgeView.swift */ = {isa = PBXFileReference; lastKnownFileType = sourcecode.swift; path = MBViewsBadgeView.swift; sourceTree = "<group>"; };
		6905F9472B3C6665006D45FE /* MBCompositionalLayout.swift */ = {isa = PBXFileReference; lastKnownFileType = sourcecode.swift; path = MBCompositionalLayout.swift; sourceTree = "<group>"; };
		6905F94D2B3C8FB6006D45FE /* MBExploreSectionCollectionReusableView.swift */ = {isa = PBXFileReference; lastKnownFileType = sourcecode.swift; path = MBExploreSectionCollectionReusableView.swift; sourceTree = "<group>"; };
		6905F94F2B3CBE0B006D45FE /* MBGetUserResponse.swift */ = {isa = PBXFileReference; lastKnownFileType = sourcecode.swift; path = MBGetUserResponse.swift; sourceTree = "<group>"; };
		6905F9512B3D69D1006D45FE /* MBTimestamtBadgeView.swift */ = {isa = PBXFileReference; lastKnownFileType = sourcecode.swift; path = MBTimestamtBadgeView.swift; sourceTree = "<group>"; };
		6905F9532B3D8C06006D45FE /* MBFloatingCartButton.swift */ = {isa = PBXFileReference; lastKnownFileType = sourcecode.swift; path = MBFloatingCartButton.swift; sourceTree = "<group>"; };
		6905F9562B3DC026006D45FE /* MBBooksListViewController.swift */ = {isa = PBXFileReference; lastKnownFileType = sourcecode.swift; path = MBBooksListViewController.swift; sourceTree = "<group>"; };
		6905F9582B3DC036006D45FE /* MBCategoriesListViewController.swift */ = {isa = PBXFileReference; lastKnownFileType = sourcecode.swift; path = MBCategoriesListViewController.swift; sourceTree = "<group>"; };
		6905F95A2B3DEA89006D45FE /* MBApiCacheManager.swift */ = {isa = PBXFileReference; lastKnownFileType = sourcecode.swift; path = MBApiCacheManager.swift; sourceTree = "<group>"; };
		6905F95E2B3E2FB5006D45FE /* MBCategoriesListView.swift */ = {isa = PBXFileReference; lastKnownFileType = sourcecode.swift; path = MBCategoriesListView.swift; sourceTree = "<group>"; };
		6905F9602B3E2FCA006D45FE /* MBBooksListView.swift */ = {isa = PBXFileReference; lastKnownFileType = sourcecode.swift; path = MBBooksListView.swift; sourceTree = "<group>"; };
		6905F9622B3E3035006D45FE /* MBBooksListFilterView.swift */ = {isa = PBXFileReference; lastKnownFileType = sourcecode.swift; path = MBBooksListFilterView.swift; sourceTree = "<group>"; };
		6905F9642B3E38C7006D45FE /* MBBookListCollectionViewCell.swift */ = {isa = PBXFileReference; lastKnownFileType = sourcecode.swift; path = MBBookListCollectionViewCell.swift; sourceTree = "<group>"; };
		6905F9662B3EE3DB006D45FE /* MBBookListViewViewModel.swift */ = {isa = PBXFileReference; lastKnownFileType = sourcecode.swift; path = MBBookListViewViewModel.swift; sourceTree = "<group>"; };
		6905F9682B3F15D3006D45FE /* MBBooksSectionResponse.swift */ = {isa = PBXFileReference; lastKnownFileType = sourcecode.swift; path = MBBooksSectionResponse.swift; sourceTree = "<group>"; };
		6916E19E2B52AD610089505A /* MBUserInfoCollectionViewCell.swift */ = {isa = PBXFileReference; lastKnownFileType = sourcecode.swift; path = MBUserInfoCollectionViewCell.swift; sourceTree = "<group>"; };
		6916E1A02B52AD860089505A /* MBGenericSettingsOptionView.swift */ = {isa = PBXFileReference; lastKnownFileType = sourcecode.swift; path = MBGenericSettingsOptionView.swift; sourceTree = "<group>"; };
		691BDCE02B40904300F680F6 /* MBBookDetailsViewController.swift */ = {isa = PBXFileReference; lastKnownFileType = sourcecode.swift; path = MBBookDetailsViewController.swift; sourceTree = "<group>"; };
		691BDCE32B40909700F680F6 /* MBBookDetailsView.swift */ = {isa = PBXFileReference; lastKnownFileType = sourcecode.swift; path = MBBookDetailsView.swift; sourceTree = "<group>"; };
		691BDCE52B41A3CC00F680F6 /* MBBookPhotosCollectionViewCell.swift */ = {isa = PBXFileReference; lastKnownFileType = sourcecode.swift; path = MBBookPhotosCollectionViewCell.swift; sourceTree = "<group>"; };
		691BDCE72B41A41A00F680F6 /* MBBookSummaryCollectionViewCell.swift */ = {isa = PBXFileReference; lastKnownFileType = sourcecode.swift; path = MBBookSummaryCollectionViewCell.swift; sourceTree = "<group>"; };
		691BDCEA2B41D7C500F680F6 /* MBBooksDetailViewViewModel.swift */ = {isa = PBXFileReference; lastKnownFileType = sourcecode.swift; path = MBBooksDetailViewViewModel.swift; sourceTree = "<group>"; };
		691BDCEC2B41FF1900F680F6 /* MBPhotoSectionViewModel.swift */ = {isa = PBXFileReference; lastKnownFileType = sourcecode.swift; path = MBPhotoSectionViewModel.swift; sourceTree = "<group>"; };
		691BDCEE2B41FF5700F680F6 /* MBSummarySectionViewModel.swift */ = {isa = PBXFileReference; lastKnownFileType = sourcecode.swift; path = MBSummarySectionViewModel.swift; sourceTree = "<group>"; };
		691BDCF02B41FFC300F680F6 /* MBInfoSectionViewModel.swift */ = {isa = PBXFileReference; lastKnownFileType = sourcecode.swift; path = MBInfoSectionViewModel.swift; sourceTree = "<group>"; };
		691BDCF62B42116500F680F6 /* MBReusableCell.swift */ = {isa = PBXFileReference; lastKnownFileType = sourcecode.swift; path = MBReusableCell.swift; sourceTree = "<group>"; };
		691BDCF82B42417B00F680F6 /* MBBookInfoCollectionViewCell.swift */ = {isa = PBXFileReference; lastKnownFileType = sourcecode.swift; path = MBBookInfoCollectionViewCell.swift; sourceTree = "<group>"; };
		691BDCFA2B424FBD00F680F6 /* MBBookDetailsResponse.swift */ = {isa = PBXFileReference; lastKnownFileType = sourcecode.swift; path = MBBookDetailsResponse.swift; sourceTree = "<group>"; };
		697C665C2B459AB10073659C /* MBBookListFilterAvailableCell.swift */ = {isa = PBXFileReference; lastKnownFileType = sourcecode.swift; path = MBBookListFilterAvailableCell.swift; sourceTree = "<group>"; };
		697C665F2B459DF40073659C /* MBBookListFiltersViewModel.swift */ = {isa = PBXFileReference; lastKnownFileType = sourcecode.swift; path = MBBookListFiltersViewModel.swift; sourceTree = "<group>"; };
		697C66612B45AB480073659C /* MBBookListFilterExpandableCell.swift */ = {isa = PBXFileReference; lastKnownFileType = sourcecode.swift; path = MBBookListFilterExpandableCell.swift; sourceTree = "<group>"; };
		697C66632B45AB790073659C /* MBBookFilterTextFiledCell.swift */ = {isa = PBXFileReference; lastKnownFileType = sourcecode.swift; path = MBBookFilterTextFiledCell.swift; sourceTree = "<group>"; };
		697C66652B45C08F0073659C /* MBBookFilterViewController.swift */ = {isa = PBXFileReference; lastKnownFileType = sourcecode.swift; path = MBBookFilterViewController.swift; sourceTree = "<group>"; };
		697C66682B489A4E0073659C /* MBSearchViewController.swift */ = {isa = PBXFileReference; lastKnownFileType = sourcecode.swift; path = MBSearchViewController.swift; sourceTree = "<group>"; };
		697C666A2B489B380073659C /* MBSearchResultsViewController.swift */ = {isa = PBXFileReference; lastKnownFileType = sourcecode.swift; path = MBSearchResultsViewController.swift; sourceTree = "<group>"; };
		697C666D2B48A8D10073659C /* MBSearchView.swift */ = {isa = PBXFileReference; lastKnownFileType = sourcecode.swift; path = MBSearchView.swift; sourceTree = "<group>"; };
		697C66702B49892B0073659C /* MBSearchViewModel.swift */ = {isa = PBXFileReference; lastKnownFileType = sourcecode.swift; path = MBSearchViewModel.swift; sourceTree = "<group>"; };
		697C66722B49C3E20073659C /* MBTableHeaderReusableView.swift */ = {isa = PBXFileReference; lastKnownFileType = sourcecode.swift; path = MBTableHeaderReusableView.swift; sourceTree = "<group>"; };
		697C66742B49CB790073659C /* MBSearchResponse.swift */ = {isa = PBXFileReference; lastKnownFileType = sourcecode.swift; path = MBSearchResponse.swift; sourceTree = "<group>"; };
		697C66762B49DFAC0073659C /* MBSearchTableViewCell.swift */ = {isa = PBXFileReference; lastKnownFileType = sourcecode.swift; path = MBSearchTableViewCell.swift; sourceTree = "<group>"; };
		697C66792B49F5590073659C /* MBRequestedBooksResponse.swift */ = {isa = PBXFileReference; lastKnownFileType = sourcecode.swift; path = MBRequestedBooksResponse.swift; sourceTree = "<group>"; };
		6988C4FC2B32072100F60F9F /* MaBook.app */ = {isa = PBXFileReference; explicitFileType = wrapper.application; includeInIndex = 0; path = MaBook.app; sourceTree = BUILT_PRODUCTS_DIR; };
		6988C4FF2B32072100F60F9F /* AppDelegate.swift */ = {isa = PBXFileReference; lastKnownFileType = sourcecode.swift; path = AppDelegate.swift; sourceTree = "<group>"; };
		6988C5012B32072100F60F9F /* SceneDelegate.swift */ = {isa = PBXFileReference; lastKnownFileType = sourcecode.swift; path = SceneDelegate.swift; sourceTree = "<group>"; };
		6988C5032B32072100F60F9F /* MBSignInViewController.swift */ = {isa = PBXFileReference; lastKnownFileType = sourcecode.swift; path = MBSignInViewController.swift; sourceTree = "<group>"; };
		6988C5092B32072100F60F9F /* MaBook.xcdatamodel */ = {isa = PBXFileReference; lastKnownFileType = wrapper.xcdatamodel; path = MaBook.xcdatamodel; sourceTree = "<group>"; };
		6988C50B2B32072200F60F9F /* Assets.xcassets */ = {isa = PBXFileReference; lastKnownFileType = folder.assetcatalog; path = Assets.xcassets; sourceTree = "<group>"; };
		6988C50E2B32072200F60F9F /* Base */ = {isa = PBXFileReference; lastKnownFileType = file.storyboard; name = Base; path = Base.lproj/LaunchScreen.storyboard; sourceTree = "<group>"; };
		6988C5102B32072200F60F9F /* Info.plist */ = {isa = PBXFileReference; lastKnownFileType = text.plist.xml; path = Info.plist; sourceTree = "<group>"; };
		6988C51C2B320B0D00F60F9F /* MBSignUpViewController.swift */ = {isa = PBXFileReference; lastKnownFileType = sourcecode.swift; path = MBSignUpViewController.swift; sourceTree = "<group>"; };
		6988C51E2B320B8800F60F9F /* MBEmailSignInViewController.swift */ = {isa = PBXFileReference; lastKnownFileType = sourcecode.swift; path = MBEmailSignInViewController.swift; sourceTree = "<group>"; };
		6988C5202B320C7900F60F9F /* MBUsernameSignUpViewController.swift */ = {isa = PBXFileReference; lastKnownFileType = sourcecode.swift; path = MBUsernameSignUpViewController.swift; sourceTree = "<group>"; };
		6988C5222B320CA400F60F9F /* MBWelcomeSplashViewController.swift */ = {isa = PBXFileReference; lastKnownFileType = sourcecode.swift; path = MBWelcomeSplashViewController.swift; sourceTree = "<group>"; };
		6988C5262B320CF100F60F9F /* MBLocationOnboardingViewController.swift */ = {isa = PBXFileReference; lastKnownFileType = sourcecode.swift; path = MBLocationOnboardingViewController.swift; sourceTree = "<group>"; };
		6988C5282B320D3700F60F9F /* MBPermissionsOnboardingViewController.swift */ = {isa = PBXFileReference; lastKnownFileType = sourcecode.swift; path = MBPermissionsOnboardingViewController.swift; sourceTree = "<group>"; };
		6988C52D2B320D8400F60F9F /* MBTabBarViewController.swift */ = {isa = PBXFileReference; lastKnownFileType = sourcecode.swift; path = MBTabBarViewController.swift; sourceTree = "<group>"; };
		6988C52F2B32101600F60F9F /* AuthManager.swift */ = {isa = PBXFileReference; lastKnownFileType = sourcecode.swift; path = AuthManager.swift; sourceTree = "<group>"; };
		6988C5322B32120600F60F9F /* MBApiCaller.swift */ = {isa = PBXFileReference; lastKnownFileType = sourcecode.swift; path = MBApiCaller.swift; sourceTree = "<group>"; };
		6988C5342B32122100F60F9F /* MBRequest.swift */ = {isa = PBXFileReference; lastKnownFileType = sourcecode.swift; path = MBRequest.swift; sourceTree = "<group>"; };
		6988C5362B322A1700F60F9F /* MBEndpoint.swift */ = {isa = PBXFileReference; lastKnownFileType = sourcecode.swift; path = MBEndpoint.swift; sourceTree = "<group>"; };
		6988C5392B322FEA00F60F9F /* MBLogger.swift */ = {isa = PBXFileReference; lastKnownFileType = sourcecode.swift; path = MBLogger.swift; sourceTree = "<group>"; };
		6988C53B2B32320900F60F9F /* User.swift */ = {isa = PBXFileReference; lastKnownFileType = sourcecode.swift; path = User.swift; sourceTree = "<group>"; };
		6988C53D2B32325F00F60F9F /* MBAuthResponse.swift */ = {isa = PBXFileReference; lastKnownFileType = sourcecode.swift; path = MBAuthResponse.swift; sourceTree = "<group>"; };
		6988C6E92B35EB5900F60F9F /* OnboardingManager.swift */ = {isa = PBXFileReference; lastKnownFileType = sourcecode.swift; path = OnboardingManager.swift; sourceTree = "<group>"; };
		6988C6EB2B35EEFA00F60F9F /* LocalStateManager.swift */ = {isa = PBXFileReference; lastKnownFileType = sourcecode.swift; path = LocalStateManager.swift; sourceTree = "<group>"; };
		6988C6EE2B361B9F00F60F9F /* MBSignInOptionsView.swift */ = {isa = PBXFileReference; lastKnownFileType = sourcecode.swift; path = MBSignInOptionsView.swift; sourceTree = "<group>"; };
		6988C6F22B361D3500F60F9F /* RobotoCondensed-VariableFont_wght.ttf */ = {isa = PBXFileReference; lastKnownFileType = file; path = "RobotoCondensed-VariableFont_wght.ttf"; sourceTree = "<group>"; };
		6988C6F32B36214E00F60F9F /* Extensions.swift */ = {isa = PBXFileReference; lastKnownFileType = sourcecode.swift; path = Extensions.swift; sourceTree = "<group>"; };
		6988C6F62B3621AA00F60F9F /* MBButton.swift */ = {isa = PBXFileReference; lastKnownFileType = sourcecode.swift; path = MBButton.swift; sourceTree = "<group>"; };
		6988C6F82B3710EB00F60F9F /* MBTextField.swift */ = {isa = PBXFileReference; lastKnownFileType = sourcecode.swift; path = MBTextField.swift; sourceTree = "<group>"; };
		6988C6FA2B37144800F60F9F /* MBEmailSignInView.swift */ = {isa = PBXFileReference; lastKnownFileType = sourcecode.swift; path = MBEmailSignInView.swift; sourceTree = "<group>"; };
		6988C6FC2B37270F00F60F9F /* MBSignUpView.swift */ = {isa = PBXFileReference; lastKnownFileType = sourcecode.swift; path = MBSignUpView.swift; sourceTree = "<group>"; };
		6988C7002B3862D700F60F9F /* MBUsernameSignUpView.swift */ = {isa = PBXFileReference; lastKnownFileType = sourcecode.swift; path = MBUsernameSignUpView.swift; sourceTree = "<group>"; };
		6988C7022B387E2900F60F9F /* MBLoader.swift */ = {isa = PBXFileReference; lastKnownFileType = sourcecode.swift; path = MBLoader.swift; sourceTree = "<group>"; };
		6988C7042B3889CF00F60F9F /* MBOnboardingResponse.swift */ = {isa = PBXFileReference; lastKnownFileType = sourcecode.swift; path = MBOnboardingResponse.swift; sourceTree = "<group>"; };
		6988C7072B38907400F60F9F /* MBLocationOnboardingView.swift */ = {isa = PBXFileReference; lastKnownFileType = sourcecode.swift; path = MBLocationOnboardingView.swift; sourceTree = "<group>"; };
		6988C7092B38BD0C00F60F9F /* MBDropdownButton.swift */ = {isa = PBXFileReference; lastKnownFileType = sourcecode.swift; path = MBDropdownButton.swift; sourceTree = "<group>"; };
		6988C70C2B38D22300F60F9F /* MBOnboardingListViewController.swift */ = {isa = PBXFileReference; lastKnownFileType = sourcecode.swift; path = MBOnboardingListViewController.swift; sourceTree = "<group>"; };
		6988C70E2B38EE6F00F60F9F /* MBOnboardingListView.swift */ = {isa = PBXFileReference; lastKnownFileType = sourcecode.swift; path = MBOnboardingListView.swift; sourceTree = "<group>"; };
		69E7D06A2B4C66F60082B07E /* MBCartProvidingView.swift */ = {isa = PBXFileReference; lastKnownFileType = sourcecode.swift; path = MBCartProvidingView.swift; sourceTree = "<group>"; };
		69E7D06D2B4C775A0082B07E /* MBCartViewController.swift */ = {isa = PBXFileReference; lastKnownFileType = sourcecode.swift; path = MBCartViewController.swift; sourceTree = "<group>"; };
		69E7D0702B4C77EE0082B07E /* MBCartView.swift */ = {isa = PBXFileReference; lastKnownFileType = sourcecode.swift; path = MBCartView.swift; sourceTree = "<group>"; };
		69E7D0722B4C7A8B0082B07E /* MBCartSummarySectionView.swift */ = {isa = PBXFileReference; lastKnownFileType = sourcecode.swift; path = MBCartSummarySectionView.swift; sourceTree = "<group>"; };
		69E7D0742B4C86000082B07E /* MBSeparator.swift */ = {isa = PBXFileReference; lastKnownFileType = sourcecode.swift; path = MBSeparator.swift; sourceTree = "<group>"; };
		69E7D0762B4C8E540082B07E /* MBCartItemCollectionViewCell.swift */ = {isa = PBXFileReference; lastKnownFileType = sourcecode.swift; path = MBCartItemCollectionViewCell.swift; sourceTree = "<group>"; };
		69E7D0792B4CBB640082B07E /* MBCartViewModel.swift */ = {isa = PBXFileReference; lastKnownFileType = sourcecode.swift; path = MBCartViewModel.swift; sourceTree = "<group>"; };
		69E7D1F82B4D992B0082B07E /* MBCartProvidingViewController.swift */ = {isa = PBXFileReference; lastKnownFileType = sourcecode.swift; path = MBCartProvidingViewController.swift; sourceTree = "<group>"; };
		69E7D4532B4EE06D0082B07E /* MBBadgeable.swift */ = {isa = PBXFileReference; lastKnownFileType = sourcecode.swift; path = MBBadgeable.swift; sourceTree = "<group>"; };
		69E7D4552B50413D0082B07E /* MBAddToCartResponse.swift */ = {isa = PBXFileReference; lastKnownFileType = sourcecode.swift; path = MBAddToCartResponse.swift; sourceTree = "<group>"; };
		F60A00F761281F82B42C9982 /* Pods-MaBook.debug.xcconfig */ = {isa = PBXFileReference; includeInIndex = 1; lastKnownFileType = text.xcconfig; name = "Pods-MaBook.debug.xcconfig"; path = "Target Support Files/Pods-MaBook/Pods-MaBook.debug.xcconfig"; sourceTree = "<group>"; };
		F8BEBA31FEC7F672C227D851 /* Pods_MaBook.framework */ = {isa = PBXFileReference; explicitFileType = wrapper.framework; includeInIndex = 0; path = Pods_MaBook.framework; sourceTree = BUILT_PRODUCTS_DIR; };
/* End PBXFileReference section */

/* Begin PBXFrameworksBuildPhase section */
		6988C4F92B32072100F60F9F /* Frameworks */ = {
			isa = PBXFrameworksBuildPhase;
			buildActionMask = 2147483647;
			files = (
				CE8950D9F2269DE7C3A214D9 /* Pods_MaBook.framework in Frameworks */,
				6905F96C2B3F5FEB006D45FE /* UIScrollView_InfiniteScroll in Frameworks */,
			);
			runOnlyForDeploymentPostprocessing = 0;
		};
/* End PBXFrameworksBuildPhase section */

/* Begin PBXGroup section */
		6901F1272B571270005B9B9C /* Profile */ = {
			isa = PBXGroup;
			children = (
				6901F1252B570FE7005B9B9C /* MBProfileViewModel.swift */,
				6901F1282B57128E005B9B9C /* MBUserInfoCellViewModel.swift */,
				6901F12A2B5712AD005B9B9C /* MBGenericProfileCellViewModel.swift */,
				6901F12E2B57227E005B9B9C /* MBProfileHashable.swift */,
			);
			path = Profile;
			sourceTree = "<group>";
		};
		6905F7D82B3B6106006D45FE /* Explore */ = {
			isa = PBXGroup;
			children = (
				697C666C2B48A8B30073659C /* Search */,
				691BDCE22B40906700F680F6 /* Details Page */,
				6905F95D2B3E2F87006D45FE /* List Page */,
				6905F95C2B3E2F2B006D45FE /* Main Page */,
			);
			path = Explore;
			sourceTree = "<group>";
		};
		6905F7DB2B3B6137006D45FE /* Explore */ = {
			isa = PBXGroup;
			children = (
				697C666F2B4989180073659C /* Search */,
				6905F7DC2B3B6146006D45FE /* MBExploreViewViewModel.swift */,
				6905F9662B3EE3DB006D45FE /* MBBookListViewViewModel.swift */,
				697C665F2B459DF40073659C /* MBBookListFiltersViewModel.swift */,
			);
			path = Explore;
			sourceTree = "<group>";
		};
		6905F7E22B3B6415006D45FE /* ResponseModels */ = {
			isa = PBXGroup;
			children = (
				697C66782B49F5350073659C /* Search */,
				6988C5382B322E7700F60F9F /* Auth */,
				6905F7E32B3B6438006D45FE /* MBBooksHomeResponse.swift */,
				6905F9682B3F15D3006D45FE /* MBBooksSectionResponse.swift */,
				69E7D4552B50413D0082B07E /* MBAddToCartResponse.swift */,
			);
			path = ResponseModels;
			sourceTree = "<group>";
		};
		6905F9552B3DBFBF006D45FE /* Explore Flow */ = {
			isa = PBXGroup;
			children = (
				697C66672B489A160073659C /* Search */,
				691BDCDF2B40901700F680F6 /* Details Page */,
				6905F6762B39FDAF006D45FE /* MBExploreViewController.swift */,
				6905F9562B3DC026006D45FE /* MBBooksListViewController.swift */,
				6905F9582B3DC036006D45FE /* MBCategoriesListViewController.swift */,
				697C66652B45C08F0073659C /* MBBookFilterViewController.swift */,
			);
			path = "Explore Flow";
			sourceTree = "<group>";
		};
		6905F95C2B3E2F2B006D45FE /* Main Page */ = {
			isa = PBXGroup;
			children = (
				6905F7D92B3B6120006D45FE /* MBExploreView.swift */,
				6905F7E52B3B6BDB006D45FE /* MBCategoriesCollectionViewCell.swift */,
				6905F7E72B3B6BEF006D45FE /* MBBookCollectionViewCell.swift */,
				6905F94D2B3C8FB6006D45FE /* MBExploreSectionCollectionReusableView.swift */,
			);
			path = "Main Page";
			sourceTree = "<group>";
		};
		6905F95D2B3E2F87006D45FE /* List Page */ = {
			isa = PBXGroup;
			children = (
				697C665E2B459B480073659C /* Filters */,
				6905F95E2B3E2FB5006D45FE /* MBCategoriesListView.swift */,
				6905F9602B3E2FCA006D45FE /* MBBooksListView.swift */,
				6905F9642B3E38C7006D45FE /* MBBookListCollectionViewCell.swift */,
			);
			path = "List Page";
			sourceTree = "<group>";
		};
		6916E1982B52AB540089505A /* Profile */ = {
			isa = PBXGroup;
			children = (
				6905F67A2B39FDCE006D45FE /* MBMyPageViewController.swift */,
			);
			path = Profile;
			sourceTree = "<group>";
		};
		6916E19D2B52AD400089505A /* Profile */ = {
			isa = PBXGroup;
			children = (
				6916E19E2B52AD610089505A /* MBUserInfoCollectionViewCell.swift */,
				6901F1232B56CC5E005B9B9C /* MBProfileCollectionViewCell.swift */,
				6916E1A02B52AD860089505A /* MBGenericSettingsOptionView.swift */,
			);
			path = Profile;
			sourceTree = "<group>";
		};
		691BDCDF2B40901700F680F6 /* Details Page */ = {
			isa = PBXGroup;
			children = (
				691BDCE02B40904300F680F6 /* MBBookDetailsViewController.swift */,
			);
			path = "Details Page";
			sourceTree = "<group>";
		};
		691BDCE22B40906700F680F6 /* Details Page */ = {
			isa = PBXGroup;
			children = (
				691BDCE32B40909700F680F6 /* MBBookDetailsView.swift */,
				691BDCE52B41A3CC00F680F6 /* MBBookPhotosCollectionViewCell.swift */,
				691BDCE72B41A41A00F680F6 /* MBBookSummaryCollectionViewCell.swift */,
				691BDCF82B42417B00F680F6 /* MBBookInfoCollectionViewCell.swift */,
			);
			path = "Details Page";
			sourceTree = "<group>";
		};
		691BDCE92B41D7AD00F680F6 /* Book Details */ = {
			isa = PBXGroup;
			children = (
				691BDCEA2B41D7C500F680F6 /* MBBooksDetailViewViewModel.swift */,
				691BDCEC2B41FF1900F680F6 /* MBPhotoSectionViewModel.swift */,
				691BDCEE2B41FF5700F680F6 /* MBSummarySectionViewModel.swift */,
				691BDCF02B41FFC300F680F6 /* MBInfoSectionViewModel.swift */,
			);
			path = "Book Details";
			sourceTree = "<group>";
		};
		691BDCF22B4210F200F680F6 /* Extensions */ = {
			isa = PBXGroup;
			children = (
				6988C6F32B36214E00F60F9F /* Extensions.swift */,
				691BDCF62B42116500F680F6 /* MBReusableCell.swift */,
			);
			path = Extensions;
			sourceTree = "<group>";
		};
		691BDCF32B42110000F680F6 /* Fonts */ = {
			isa = PBXGroup;
			children = (
				6988C6F22B361D3500F60F9F /* RobotoCondensed-VariableFont_wght.ttf */,
			);
			path = Fonts;
			sourceTree = "<group>";
		};
		691BDCF42B42111900F680F6 /* Utils */ = {
			isa = PBXGroup;
			children = (
				6988C5392B322FEA00F60F9F /* MBLogger.swift */,
				6905F67E2B3A0547006D45FE /* MBStrings.swift */,
			);
			path = Utils;
			sourceTree = "<group>";
		};
		691BDCF52B42113F00F680F6 /* Base */ = {
			isa = PBXGroup;
			children = (
				6988C4FF2B32072100F60F9F /* AppDelegate.swift */,
				6988C5012B32072100F60F9F /* SceneDelegate.swift */,
				6988C50B2B32072200F60F9F /* Assets.xcassets */,
				6988C50D2B32072200F60F9F /* LaunchScreen.storyboard */,
			);
			path = Base;
			sourceTree = "<group>";
		};
		697C665E2B459B480073659C /* Filters */ = {
			isa = PBXGroup;
			children = (
				6905F9622B3E3035006D45FE /* MBBooksListFilterView.swift */,
				697C665C2B459AB10073659C /* MBBookListFilterAvailableCell.swift */,
				697C66612B45AB480073659C /* MBBookListFilterExpandableCell.swift */,
				697C66632B45AB790073659C /* MBBookFilterTextFiledCell.swift */,
			);
			path = Filters;
			sourceTree = "<group>";
		};
		697C66672B489A160073659C /* Search */ = {
			isa = PBXGroup;
			children = (
				697C66682B489A4E0073659C /* MBSearchViewController.swift */,
				697C666A2B489B380073659C /* MBSearchResultsViewController.swift */,
			);
			path = Search;
			sourceTree = "<group>";
		};
		697C666C2B48A8B30073659C /* Search */ = {
			isa = PBXGroup;
			children = (
				697C666D2B48A8D10073659C /* MBSearchView.swift */,
				697C66722B49C3E20073659C /* MBTableHeaderReusableView.swift */,
				697C66762B49DFAC0073659C /* MBSearchTableViewCell.swift */,
			);
			path = Search;
			sourceTree = "<group>";
		};
		697C666F2B4989180073659C /* Search */ = {
			isa = PBXGroup;
			children = (
				697C66702B49892B0073659C /* MBSearchViewModel.swift */,
			);
			path = Search;
			sourceTree = "<group>";
		};
		697C66782B49F5350073659C /* Search */ = {
			isa = PBXGroup;
			children = (
				697C66742B49CB790073659C /* MBSearchResponse.swift */,
				697C66792B49F5590073659C /* MBRequestedBooksResponse.swift */,
			);
			path = Search;
			sourceTree = "<group>";
		};
		6988C4F32B32072100F60F9F = {
			isa = PBXGroup;
			children = (
				6988C4FE2B32072100F60F9F /* MaBook */,
				6988C4FD2B32072100F60F9F /* Products */,
				CE7FA82F5B658C6D8CA7D98F /* Pods */,
				D6FA94E69ABD1CC634B2B9E3 /* Frameworks */,
			);
			sourceTree = "<group>";
		};
		6988C4FD2B32072100F60F9F /* Products */ = {
			isa = PBXGroup;
			children = (
				6988C4FC2B32072100F60F9F /* MaBook.app */,
			);
			name = Products;
			sourceTree = "<group>";
		};
		6988C4FE2B32072100F60F9F /* MaBook */ = {
			isa = PBXGroup;
			children = (
				6988C51B2B320A6800F60F9F /* Managers */,
				6988C51A2B320A6200F60F9F /* Models */,
				6988C5192B320A5B00F60F9F /* ViewModels */,
				6988C5182B320A5100F60F9F /* Views */,
				6988C5172B320A4600F60F9F /* Controllers */,
				6988C5162B320A3A00F60F9F /* Resources */,
				6988C5102B32072200F60F9F /* Info.plist */,
				6988C5082B32072100F60F9F /* MaBook.xcdatamodeld */,
			);
			path = MaBook;
			sourceTree = "<group>";
		};
		6988C5162B320A3A00F60F9F /* Resources */ = {
			isa = PBXGroup;
			children = (
				691BDCF42B42111900F680F6 /* Utils */,
				691BDCF32B42110000F680F6 /* Fonts */,
				691BDCF22B4210F200F680F6 /* Extensions */,
				6988C6F52B36218D00F60F9F /* Components */,
				691BDCF52B42113F00F680F6 /* Base */,
			);
			path = Resources;
			sourceTree = "<group>";
		};
		6988C5172B320A4600F60F9F /* Controllers */ = {
			isa = PBXGroup;
			children = (
				6988C5242B320CA900F60F9F /* Auth */,
				69E7D06C2B4C773F0082B07E /* Cart */,
				6988C5252B320CC500F60F9F /* Onboarding */,
				6988C52A2B320D4300F60F9F /* Home */,
				69E7D1F82B4D992B0082B07E /* MBCartProvidingViewController.swift */,
			);
			path = Controllers;
			sourceTree = "<group>";
		};
		6988C5182B320A5100F60F9F /* Views */ = {
			isa = PBXGroup;
			children = (
				6916E19D2B52AD400089505A /* Profile */,
				69E7D06F2B4C77CC0082B07E /* Cart */,
				6905F7D82B3B6106006D45FE /* Explore */,
				6988C7062B38904B00F60F9F /* Onboarding */,
				6988C6ED2B361B8B00F60F9F /* Auth */,
				6905F9472B3C6665006D45FE /* MBCompositionalLayout.swift */,
				69E7D06A2B4C66F60082B07E /* MBCartProvidingView.swift */,
				6901F2D22B599EF3005B9B9C /* MBHeaderCollectionReusableView.swift */,
			);
			path = Views;
			sourceTree = "<group>";
		};
		6988C5192B320A5B00F60F9F /* ViewModels */ = {
			isa = PBXGroup;
			children = (
				6901F1272B571270005B9B9C /* Profile */,
				69E7D0782B4CBB4A0082B07E /* Cart */,
				691BDCE92B41D7AD00F680F6 /* Book Details */,
				6905F7DB2B3B6137006D45FE /* Explore */,
			);
			path = ViewModels;
			sourceTree = "<group>";
		};
		6988C51A2B320A6200F60F9F /* Models */ = {
			isa = PBXGroup;
			children = (
				6905F7E22B3B6415006D45FE /* ResponseModels */,
				6988C53B2B32320900F60F9F /* User.swift */,
				6905F7DE2B3B62D1006D45FE /* Book.swift */,
			);
			path = Models;
			sourceTree = "<group>";
		};
		6988C51B2B320A6800F60F9F /* Managers */ = {
			isa = PBXGroup;
			children = (
				6988C52F2B32101600F60F9F /* AuthManager.swift */,
				6988C5322B32120600F60F9F /* MBApiCaller.swift */,
				6988C5342B32122100F60F9F /* MBRequest.swift */,
				6988C5362B322A1700F60F9F /* MBEndpoint.swift */,
				6988C6E92B35EB5900F60F9F /* OnboardingManager.swift */,
				6988C6EB2B35EEFA00F60F9F /* LocalStateManager.swift */,
				6905F95A2B3DEA89006D45FE /* MBApiCacheManager.swift */,
			);
			path = Managers;
			sourceTree = "<group>";
		};
		6988C5242B320CA900F60F9F /* Auth */ = {
			isa = PBXGroup;
			children = (
				6988C5032B32072100F60F9F /* MBSignInViewController.swift */,
				6988C51E2B320B8800F60F9F /* MBEmailSignInViewController.swift */,
				6988C51C2B320B0D00F60F9F /* MBSignUpViewController.swift */,
				6988C5202B320C7900F60F9F /* MBUsernameSignUpViewController.swift */,
				6988C5222B320CA400F60F9F /* MBWelcomeSplashViewController.swift */,
			);
			path = Auth;
			sourceTree = "<group>";
		};
		6988C5252B320CC500F60F9F /* Onboarding */ = {
			isa = PBXGroup;
			children = (
				6988C5262B320CF100F60F9F /* MBLocationOnboardingViewController.swift */,
				6988C70C2B38D22300F60F9F /* MBOnboardingListViewController.swift */,
				6988C5282B320D3700F60F9F /* MBPermissionsOnboardingViewController.swift */,
			);
			path = Onboarding;
			sourceTree = "<group>";
		};
		6988C52A2B320D4300F60F9F /* Home */ = {
			isa = PBXGroup;
			children = (
				6916E1982B52AB540089505A /* Profile */,
				6905F9552B3DBFBF006D45FE /* Explore Flow */,
				6988C52B2B320D5300F60F9F /* Core */,
				6988C52C2B320D5900F60F9F /* General */,
			);
			path = Home;
			sourceTree = "<group>";
		};
		6988C52B2B320D5300F60F9F /* Core */ = {
			isa = PBXGroup;
			children = (
				6988C52D2B320D8400F60F9F /* MBTabBarViewController.swift */,
				6905F6782B39FDC2006D45FE /* MBExchangeBookViewController.swift */,
			);
			path = Core;
			sourceTree = "<group>";
		};
		6988C52C2B320D5900F60F9F /* General */ = {
			isa = PBXGroup;
			children = (
			);
			path = General;
			sourceTree = "<group>";
		};
		6988C5382B322E7700F60F9F /* Auth */ = {
			isa = PBXGroup;
			children = (
				6988C53D2B32325F00F60F9F /* MBAuthResponse.swift */,
				6988C7042B3889CF00F60F9F /* MBOnboardingResponse.swift */,
				6905F94F2B3CBE0B006D45FE /* MBGetUserResponse.swift */,
				691BDCFA2B424FBD00F680F6 /* MBBookDetailsResponse.swift */,
			);
			path = Auth;
			sourceTree = "<group>";
		};
		6988C6ED2B361B8B00F60F9F /* Auth */ = {
			isa = PBXGroup;
			children = (
				6988C6EE2B361B9F00F60F9F /* MBSignInOptionsView.swift */,
				6988C6FA2B37144800F60F9F /* MBEmailSignInView.swift */,
				6988C6FC2B37270F00F60F9F /* MBSignUpView.swift */,
				6988C7002B3862D700F60F9F /* MBUsernameSignUpView.swift */,
			);
			path = Auth;
			sourceTree = "<group>";
		};
		6988C6F52B36218D00F60F9F /* Components */ = {
			isa = PBXGroup;
			children = (
				6988C6F62B3621AA00F60F9F /* MBButton.swift */,
				6988C6F82B3710EB00F60F9F /* MBTextField.swift */,
				6988C7022B387E2900F60F9F /* MBLoader.swift */,
				6988C7092B38BD0C00F60F9F /* MBDropdownButton.swift */,
				6905F7EB2B3C3B85006D45FE /* MBViewsBadgeView.swift */,
				6905F9512B3D69D1006D45FE /* MBTimestamtBadgeView.swift */,
				6905F9532B3D8C06006D45FE /* MBFloatingCartButton.swift */,
				69E7D0742B4C86000082B07E /* MBSeparator.swift */,
				69E7D4532B4EE06D0082B07E /* MBBadgeable.swift */,
			);
			path = Components;
			sourceTree = "<group>";
		};
		6988C7062B38904B00F60F9F /* Onboarding */ = {
			isa = PBXGroup;
			children = (
				6988C7072B38907400F60F9F /* MBLocationOnboardingView.swift */,
				6988C70E2B38EE6F00F60F9F /* MBOnboardingListView.swift */,
				6905F67C2B3A0432006D45FE /* MBPermissionsOnboardingView.swift */,
			);
			path = Onboarding;
			sourceTree = "<group>";
		};
		69E7D06C2B4C773F0082B07E /* Cart */ = {
			isa = PBXGroup;
			children = (
				69E7D06D2B4C775A0082B07E /* MBCartViewController.swift */,
			);
			path = Cart;
			sourceTree = "<group>";
		};
		69E7D06F2B4C77CC0082B07E /* Cart */ = {
			isa = PBXGroup;
			children = (
				69E7D0702B4C77EE0082B07E /* MBCartView.swift */,
				69E7D0722B4C7A8B0082B07E /* MBCartSummarySectionView.swift */,
				69E7D0762B4C8E540082B07E /* MBCartItemCollectionViewCell.swift */,
			);
			path = Cart;
			sourceTree = "<group>";
		};
		69E7D0782B4CBB4A0082B07E /* Cart */ = {
			isa = PBXGroup;
			children = (
				69E7D0792B4CBB640082B07E /* MBCartViewModel.swift */,
			);
			path = Cart;
			sourceTree = "<group>";
		};
		CE7FA82F5B658C6D8CA7D98F /* Pods */ = {
			isa = PBXGroup;
			children = (
				F60A00F761281F82B42C9982 /* Pods-MaBook.debug.xcconfig */,
				58C5466A50666FA759B99BAE /* Pods-MaBook.release.xcconfig */,
			);
			path = Pods;
			sourceTree = "<group>";
		};
		D6FA94E69ABD1CC634B2B9E3 /* Frameworks */ = {
			isa = PBXGroup;
			children = (
				F8BEBA31FEC7F672C227D851 /* Pods_MaBook.framework */,
			);
			name = Frameworks;
			sourceTree = "<group>";
		};
/* End PBXGroup section */

/* Begin PBXNativeTarget section */
		6988C4FB2B32072100F60F9F /* MaBook */ = {
			isa = PBXNativeTarget;
			buildConfigurationList = 6988C5132B32072200F60F9F /* Build configuration list for PBXNativeTarget "MaBook" */;
			buildPhases = (
				28F7EFA8DBFDEF42C1FF8C7C /* [CP] Check Pods Manifest.lock */,
				6988C4F82B32072100F60F9F /* Sources */,
				6988C4F92B32072100F60F9F /* Frameworks */,
				6988C4FA2B32072100F60F9F /* Resources */,
				704DC981A700CD79B653BCD7 /* [CP] Embed Pods Frameworks */,
			);
			buildRules = (
			);
			dependencies = (
			);
			name = MaBook;
			packageProductDependencies = (
				6905F96B2B3F5FEB006D45FE /* UIScrollView_InfiniteScroll */,
			);
			productName = MaBook;
			productReference = 6988C4FC2B32072100F60F9F /* MaBook.app */;
			productType = "com.apple.product-type.application";
		};
/* End PBXNativeTarget section */

/* Begin PBXProject section */
		6988C4F42B32072100F60F9F /* Project object */ = {
			isa = PBXProject;
			attributes = {
				BuildIndependentTargetsInParallel = 1;
				LastSwiftUpdateCheck = 1510;
				LastUpgradeCheck = 1510;
				TargetAttributes = {
					6988C4FB2B32072100F60F9F = {
						CreatedOnToolsVersion = 15.1;
					};
				};
			};
			buildConfigurationList = 6988C4F72B32072100F60F9F /* Build configuration list for PBXProject "MaBook" */;
			compatibilityVersion = "Xcode 14.0";
			developmentRegion = en;
			hasScannedForEncodings = 0;
			knownRegions = (
				en,
				Base,
			);
			mainGroup = 6988C4F32B32072100F60F9F;
			packageReferences = (
				6905F96A2B3F5FEB006D45FE /* XCRemoteSwiftPackageReference "UIScrollView-InfiniteScroll" */,
			);
			productRefGroup = 6988C4FD2B32072100F60F9F /* Products */;
			projectDirPath = "";
			projectRoot = "";
			targets = (
				6988C4FB2B32072100F60F9F /* MaBook */,
			);
		};
/* End PBXProject section */

/* Begin PBXResourcesBuildPhase section */
		6988C4FA2B32072100F60F9F /* Resources */ = {
			isa = PBXResourcesBuildPhase;
			buildActionMask = 2147483647;
			files = (
				6988C50F2B32072200F60F9F /* LaunchScreen.storyboard in Resources */,
				6988C50C2B32072200F60F9F /* Assets.xcassets in Resources */,
				6988C70B2B38C8F200F60F9F /* RobotoCondensed-VariableFont_wght.ttf in Resources */,
			);
			runOnlyForDeploymentPostprocessing = 0;
		};
/* End PBXResourcesBuildPhase section */

/* Begin PBXShellScriptBuildPhase section */
		28F7EFA8DBFDEF42C1FF8C7C /* [CP] Check Pods Manifest.lock */ = {
			isa = PBXShellScriptBuildPhase;
			buildActionMask = 2147483647;
			files = (
			);
			inputFileListPaths = (
			);
			inputPaths = (
				"${PODS_PODFILE_DIR_PATH}/Podfile.lock",
				"${PODS_ROOT}/Manifest.lock",
			);
			name = "[CP] Check Pods Manifest.lock";
			outputFileListPaths = (
			);
			outputPaths = (
				"$(DERIVED_FILE_DIR)/Pods-MaBook-checkManifestLockResult.txt",
			);
			runOnlyForDeploymentPostprocessing = 0;
			shellPath = /bin/sh;
			shellScript = "diff \"${PODS_PODFILE_DIR_PATH}/Podfile.lock\" \"${PODS_ROOT}/Manifest.lock\" > /dev/null\nif [ $? != 0 ] ; then\n    # print error to STDERR\n    echo \"error: The sandbox is not in sync with the Podfile.lock. Run 'pod install' or update your CocoaPods installation.\" >&2\n    exit 1\nfi\n# This output is used by Xcode 'outputs' to avoid re-running this script phase.\necho \"SUCCESS\" > \"${SCRIPT_OUTPUT_FILE_0}\"\n";
			showEnvVarsInLog = 0;
		};
		704DC981A700CD79B653BCD7 /* [CP] Embed Pods Frameworks */ = {
			isa = PBXShellScriptBuildPhase;
			buildActionMask = 2147483647;
			files = (
			);
			inputFileListPaths = (
				"${PODS_ROOT}/Target Support Files/Pods-MaBook/Pods-MaBook-frameworks-${CONFIGURATION}-input-files.xcfilelist",
			);
			name = "[CP] Embed Pods Frameworks";
			outputFileListPaths = (
				"${PODS_ROOT}/Target Support Files/Pods-MaBook/Pods-MaBook-frameworks-${CONFIGURATION}-output-files.xcfilelist",
			);
			runOnlyForDeploymentPostprocessing = 0;
			shellPath = /bin/sh;
			shellScript = "\"${PODS_ROOT}/Target Support Files/Pods-MaBook/Pods-MaBook-frameworks.sh\"\n";
			showEnvVarsInLog = 0;
		};
/* End PBXShellScriptBuildPhase section */

/* Begin PBXSourcesBuildPhase section */
		6988C4F82B32072100F60F9F /* Sources */ = {
			isa = PBXSourcesBuildPhase;
			buildActionMask = 2147483647;
			files = (
				6988C51F2B320B8800F60F9F /* MBEmailSignInViewController.swift in Sources */,
				697C666E2B48A8D10073659C /* MBSearchView.swift in Sources */,
				6905F9692B3F15D3006D45FE /* MBBooksSectionResponse.swift in Sources */,
				6905F67F2B3A0547006D45FE /* MBStrings.swift in Sources */,
				6905F9652B3E38C7006D45FE /* MBBookListCollectionViewCell.swift in Sources */,
				691BDCEB2B41D7C500F680F6 /* MBBooksDetailViewViewModel.swift in Sources */,
				6988C5302B32101600F60F9F /* AuthManager.swift in Sources */,
				6988C6EF2B361B9F00F60F9F /* MBSignInOptionsView.swift in Sources */,
				6905F94E2B3C8FB6006D45FE /* MBExploreSectionCollectionReusableView.swift in Sources */,
				6988C50A2B32072100F60F9F /* MaBook.xcdatamodeld in Sources */,
				6905F9672B3EE3DB006D45FE /* MBBookListViewViewModel.swift in Sources */,
				691BDCEF2B41FF5700F680F6 /* MBSummarySectionViewModel.swift in Sources */,
				6988C5042B32072100F60F9F /* MBSignInViewController.swift in Sources */,
				69E7D4562B50413D0082B07E /* MBAddToCartResponse.swift in Sources */,
				691BDCE82B41A41A00F680F6 /* MBBookSummaryCollectionViewCell.swift in Sources */,
				69E7D4542B4EE06D0082B07E /* MBBadgeable.swift in Sources */,
				6988C7082B38907400F60F9F /* MBLocationOnboardingView.swift in Sources */,
				69E7D06B2B4C66F60082B07E /* MBCartProvidingView.swift in Sources */,
				6905F9592B3DC036006D45FE /* MBCategoriesListViewController.swift in Sources */,
				69E7D07A2B4CBB640082B07E /* MBCartViewModel.swift in Sources */,
				6988C5372B322A1700F60F9F /* MBEndpoint.swift in Sources */,
				6988C6EA2B35EB5900F60F9F /* OnboardingManager.swift in Sources */,
				6988C5232B320CA400F60F9F /* MBWelcomeSplashViewController.swift in Sources */,
				6988C6FB2B37144800F60F9F /* MBEmailSignInView.swift in Sources */,
				6988C5212B320C7900F60F9F /* MBUsernameSignUpViewController.swift in Sources */,
				697C667A2B49F5590073659C /* MBRequestedBooksResponse.swift in Sources */,
				6988C6F42B36214E00F60F9F /* Extensions.swift in Sources */,
				6988C70D2B38D22300F60F9F /* MBOnboardingListViewController.swift in Sources */,
				6988C7032B387E2900F60F9F /* MBLoader.swift in Sources */,
				6988C53C2B32320900F60F9F /* User.swift in Sources */,
				69E7D0732B4C7A8B0082B07E /* MBCartSummarySectionView.swift in Sources */,
				69E7D0752B4C86000082B07E /* MBSeparator.swift in Sources */,
				69E7D06E2B4C775A0082B07E /* MBCartViewController.swift in Sources */,
				6905F6772B39FDAF006D45FE /* MBExploreViewController.swift in Sources */,
				6901F1292B57128E005B9B9C /* MBUserInfoCellViewModel.swift in Sources */,
				6905F95B2B3DEA8A006D45FE /* MBApiCacheManager.swift in Sources */,
				6901F2D32B599EF3005B9B9C /* MBHeaderCollectionReusableView.swift in Sources */,
				697C66662B45C08F0073659C /* MBBookFilterViewController.swift in Sources */,
				6905F6792B39FDC2006D45FE /* MBExchangeBookViewController.swift in Sources */,
				6901F12F2B57227E005B9B9C /* MBProfileHashable.swift in Sources */,
				6988C5352B32122100F60F9F /* MBRequest.swift in Sources */,
				691BDCF12B41FFC300F680F6 /* MBInfoSectionViewModel.swift in Sources */,
				6988C53A2B322FEA00F60F9F /* MBLogger.swift in Sources */,
				6901F1262B570FE7005B9B9C /* MBProfileViewModel.swift in Sources */,
				6988C5272B320CF100F60F9F /* MBLocationOnboardingViewController.swift in Sources */,
				6905F67D2B3A0432006D45FE /* MBPermissionsOnboardingView.swift in Sources */,
				6905F9502B3CBE0B006D45FE /* MBGetUserResponse.swift in Sources */,
				6988C5332B32120600F60F9F /* MBApiCaller.swift in Sources */,
				6988C6EC2B35EEFA00F60F9F /* LocalStateManager.swift in Sources */,
				691BDCFB2B424FBD00F680F6 /* MBBookDetailsResponse.swift in Sources */,
				6988C7012B3862D700F60F9F /* MBUsernameSignUpView.swift in Sources */,
				6905F9632B3E3035006D45FE /* MBBooksListFilterView.swift in Sources */,
				6905F7EC2B3C3B85006D45FE /* MBViewsBadgeView.swift in Sources */,
				6905F7E62B3B6BDB006D45FE /* MBCategoriesCollectionViewCell.swift in Sources */,
				6988C6FD2B37270F00F60F9F /* MBSignUpView.swift in Sources */,
				697C666B2B489B380073659C /* MBSearchResultsViewController.swift in Sources */,
				6905F9612B3E2FCA006D45FE /* MBBooksListView.swift in Sources */,
				69E7D1F92B4D992B0082B07E /* MBCartProvidingViewController.swift in Sources */,
				691BDCF72B42116500F680F6 /* MBReusableCell.swift in Sources */,
				6905F67B2B39FDCE006D45FE /* MBMyPageViewController.swift in Sources */,
				697C66602B459DF40073659C /* MBBookListFiltersViewModel.swift in Sources */,
				6905F7E82B3B6BEF006D45FE /* MBBookCollectionViewCell.swift in Sources */,
				6988C52E2B320D8400F60F9F /* MBTabBarViewController.swift in Sources */,
				6988C51D2B320B0D00F60F9F /* MBSignUpViewController.swift in Sources */,
				697C66712B49892B0073659C /* MBSearchViewModel.swift in Sources */,
				691BDCF92B42417B00F680F6 /* MBBookInfoCollectionViewCell.swift in Sources */,
				6901F12B2B5712AD005B9B9C /* MBGenericProfileCellViewModel.swift in Sources */,
				6905F7E42B3B6438006D45FE /* MBBooksHomeResponse.swift in Sources */,
				6905F7DA2B3B6120006D45FE /* MBExploreView.swift in Sources */,
				6905F9572B3DC026006D45FE /* MBBooksListViewController.swift in Sources */,
				697C66732B49C3E20073659C /* MBTableHeaderReusableView.swift in Sources */,
				697C66752B49CB790073659C /* MBSearchResponse.swift in Sources */,
				69E7D0712B4C77EE0082B07E /* MBCartView.swift in Sources */,
				697C66772B49DFAC0073659C /* MBSearchTableViewCell.swift in Sources */,
				6988C5292B320D3700F60F9F /* MBPermissionsOnboardingViewController.swift in Sources */,
				691BDCED2B41FF1900F680F6 /* MBPhotoSectionViewModel.swift in Sources */,
				6988C53E2B32325F00F60F9F /* MBAuthResponse.swift in Sources */,
				691BDCE62B41A3CC00F680F6 /* MBBookPhotosCollectionViewCell.swift in Sources */,
				6901F1242B56CC5E005B9B9C /* MBProfileCollectionViewCell.swift in Sources */,
				6916E1A12B52AD860089505A /* MBGenericSettingsOptionView.swift in Sources */,
				6988C7052B3889CF00F60F9F /* MBOnboardingResponse.swift in Sources */,
				6988C6F92B3710EB00F60F9F /* MBTextField.swift in Sources */,
				697C66692B489A4E0073659C /* MBSearchViewController.swift in Sources */,
				6988C6F72B3621AA00F60F9F /* MBButton.swift in Sources */,
				6988C70F2B38EE6F00F60F9F /* MBOnboardingListView.swift in Sources */,
				6905F9522B3D69D1006D45FE /* MBTimestamtBadgeView.swift in Sources */,
				6905F7DD2B3B6146006D45FE /* MBExploreViewViewModel.swift in Sources */,
				6916E19F2B52AD610089505A /* MBUserInfoCollectionViewCell.swift in Sources */,
				6905F9542B3D8C06006D45FE /* MBFloatingCartButton.swift in Sources */,
				697C66642B45AB790073659C /* MBBookFilterTextFiledCell.swift in Sources */,
				691BDCE12B40904300F680F6 /* MBBookDetailsViewController.swift in Sources */,
				6988C70A2B38BD0C00F60F9F /* MBDropdownButton.swift in Sources */,
				697C66622B45AB480073659C /* MBBookListFilterExpandableCell.swift in Sources */,
				6988C5002B32072100F60F9F /* AppDelegate.swift in Sources */,
				697C665D2B459AB10073659C /* MBBookListFilterAvailableCell.swift in Sources */,
				6905F95F2B3E2FB5006D45FE /* MBCategoriesListView.swift in Sources */,
				6988C5022B32072100F60F9F /* SceneDelegate.swift in Sources */,
				691BDCE42B40909700F680F6 /* MBBookDetailsView.swift in Sources */,
				6905F9482B3C6665006D45FE /* MBCompositionalLayout.swift in Sources */,
				69E7D0772B4C8E540082B07E /* MBCartItemCollectionViewCell.swift in Sources */,
				6905F7DF2B3B62D1006D45FE /* Book.swift in Sources */,
			);
			runOnlyForDeploymentPostprocessing = 0;
		};
/* End PBXSourcesBuildPhase section */

/* Begin PBXVariantGroup section */
		6988C50D2B32072200F60F9F /* LaunchScreen.storyboard */ = {
			isa = PBXVariantGroup;
			children = (
				6988C50E2B32072200F60F9F /* Base */,
			);
			name = LaunchScreen.storyboard;
			sourceTree = "<group>";
		};
/* End PBXVariantGroup section */

/* Begin XCBuildConfiguration section */
		6988C5112B32072200F60F9F /* Debug */ = {
			isa = XCBuildConfiguration;
			buildSettings = {
				ALWAYS_SEARCH_USER_PATHS = NO;
				ASSETCATALOG_COMPILER_GENERATE_SWIFT_ASSET_SYMBOL_EXTENSIONS = YES;
				CLANG_ANALYZER_NONNULL = YES;
				CLANG_ANALYZER_NUMBER_OBJECT_CONVERSION = YES_AGGRESSIVE;
				CLANG_CXX_LANGUAGE_STANDARD = "gnu++20";
				CLANG_ENABLE_MODULES = YES;
				CLANG_ENABLE_OBJC_ARC = YES;
				CLANG_ENABLE_OBJC_WEAK = YES;
				CLANG_WARN_BLOCK_CAPTURE_AUTORELEASING = YES;
				CLANG_WARN_BOOL_CONVERSION = YES;
				CLANG_WARN_COMMA = YES;
				CLANG_WARN_CONSTANT_CONVERSION = YES;
				CLANG_WARN_DEPRECATED_OBJC_IMPLEMENTATIONS = YES;
				CLANG_WARN_DIRECT_OBJC_ISA_USAGE = YES_ERROR;
				CLANG_WARN_DOCUMENTATION_COMMENTS = YES;
				CLANG_WARN_EMPTY_BODY = YES;
				CLANG_WARN_ENUM_CONVERSION = YES;
				CLANG_WARN_INFINITE_RECURSION = YES;
				CLANG_WARN_INT_CONVERSION = YES;
				CLANG_WARN_NON_LITERAL_NULL_CONVERSION = YES;
				CLANG_WARN_OBJC_IMPLICIT_RETAIN_SELF = YES;
				CLANG_WARN_OBJC_LITERAL_CONVERSION = YES;
				CLANG_WARN_OBJC_ROOT_CLASS = YES_ERROR;
				CLANG_WARN_QUOTED_INCLUDE_IN_FRAMEWORK_HEADER = YES;
				CLANG_WARN_RANGE_LOOP_ANALYSIS = YES;
				CLANG_WARN_STRICT_PROTOTYPES = YES;
				CLANG_WARN_SUSPICIOUS_MOVE = YES;
				CLANG_WARN_UNGUARDED_AVAILABILITY = YES_AGGRESSIVE;
				CLANG_WARN_UNREACHABLE_CODE = YES;
				CLANG_WARN__DUPLICATE_METHOD_MATCH = YES;
				COPY_PHASE_STRIP = NO;
				DEBUG_INFORMATION_FORMAT = dwarf;
				ENABLE_STRICT_OBJC_MSGSEND = YES;
				ENABLE_TESTABILITY = YES;
				ENABLE_USER_SCRIPT_SANDBOXING = NO;
				GCC_C_LANGUAGE_STANDARD = gnu17;
				GCC_DYNAMIC_NO_PIC = NO;
				GCC_NO_COMMON_BLOCKS = YES;
				GCC_OPTIMIZATION_LEVEL = 0;
				GCC_PREPROCESSOR_DEFINITIONS = (
					"DEBUG=1",
					"$(inherited)",
				);
				GCC_WARN_64_TO_32_BIT_CONVERSION = YES;
				GCC_WARN_ABOUT_RETURN_TYPE = YES_ERROR;
				GCC_WARN_UNDECLARED_SELECTOR = YES;
				GCC_WARN_UNINITIALIZED_AUTOS = YES_AGGRESSIVE;
				GCC_WARN_UNUSED_FUNCTION = YES;
				GCC_WARN_UNUSED_VARIABLE = YES;
				IPHONEOS_DEPLOYMENT_TARGET = 17.2;
				LOCALIZATION_PREFERS_STRING_CATALOGS = YES;
				MTL_ENABLE_DEBUG_INFO = INCLUDE_SOURCE;
				MTL_FAST_MATH = YES;
				ONLY_ACTIVE_ARCH = YES;
				SDKROOT = iphoneos;
				SWIFT_ACTIVE_COMPILATION_CONDITIONS = "DEBUG $(inherited)";
				SWIFT_OPTIMIZATION_LEVEL = "-Onone";
			};
			name = Debug;
		};
		6988C5122B32072200F60F9F /* Release */ = {
			isa = XCBuildConfiguration;
			buildSettings = {
				ALWAYS_SEARCH_USER_PATHS = NO;
				ASSETCATALOG_COMPILER_GENERATE_SWIFT_ASSET_SYMBOL_EXTENSIONS = YES;
				CLANG_ANALYZER_NONNULL = YES;
				CLANG_ANALYZER_NUMBER_OBJECT_CONVERSION = YES_AGGRESSIVE;
				CLANG_CXX_LANGUAGE_STANDARD = "gnu++20";
				CLANG_ENABLE_MODULES = YES;
				CLANG_ENABLE_OBJC_ARC = YES;
				CLANG_ENABLE_OBJC_WEAK = YES;
				CLANG_WARN_BLOCK_CAPTURE_AUTORELEASING = YES;
				CLANG_WARN_BOOL_CONVERSION = YES;
				CLANG_WARN_COMMA = YES;
				CLANG_WARN_CONSTANT_CONVERSION = YES;
				CLANG_WARN_DEPRECATED_OBJC_IMPLEMENTATIONS = YES;
				CLANG_WARN_DIRECT_OBJC_ISA_USAGE = YES_ERROR;
				CLANG_WARN_DOCUMENTATION_COMMENTS = YES;
				CLANG_WARN_EMPTY_BODY = YES;
				CLANG_WARN_ENUM_CONVERSION = YES;
				CLANG_WARN_INFINITE_RECURSION = YES;
				CLANG_WARN_INT_CONVERSION = YES;
				CLANG_WARN_NON_LITERAL_NULL_CONVERSION = YES;
				CLANG_WARN_OBJC_IMPLICIT_RETAIN_SELF = YES;
				CLANG_WARN_OBJC_LITERAL_CONVERSION = YES;
				CLANG_WARN_OBJC_ROOT_CLASS = YES_ERROR;
				CLANG_WARN_QUOTED_INCLUDE_IN_FRAMEWORK_HEADER = YES;
				CLANG_WARN_RANGE_LOOP_ANALYSIS = YES;
				CLANG_WARN_STRICT_PROTOTYPES = YES;
				CLANG_WARN_SUSPICIOUS_MOVE = YES;
				CLANG_WARN_UNGUARDED_AVAILABILITY = YES_AGGRESSIVE;
				CLANG_WARN_UNREACHABLE_CODE = YES;
				CLANG_WARN__DUPLICATE_METHOD_MATCH = YES;
				COPY_PHASE_STRIP = NO;
				DEBUG_INFORMATION_FORMAT = "dwarf-with-dsym";
				ENABLE_NS_ASSERTIONS = NO;
				ENABLE_STRICT_OBJC_MSGSEND = YES;
				ENABLE_USER_SCRIPT_SANDBOXING = NO;
				GCC_C_LANGUAGE_STANDARD = gnu17;
				GCC_NO_COMMON_BLOCKS = YES;
				GCC_WARN_64_TO_32_BIT_CONVERSION = YES;
				GCC_WARN_ABOUT_RETURN_TYPE = YES_ERROR;
				GCC_WARN_UNDECLARED_SELECTOR = YES;
				GCC_WARN_UNINITIALIZED_AUTOS = YES_AGGRESSIVE;
				GCC_WARN_UNUSED_FUNCTION = YES;
				GCC_WARN_UNUSED_VARIABLE = YES;
				IPHONEOS_DEPLOYMENT_TARGET = 17.2;
				LOCALIZATION_PREFERS_STRING_CATALOGS = YES;
				MTL_ENABLE_DEBUG_INFO = NO;
				MTL_FAST_MATH = YES;
				SDKROOT = iphoneos;
				SWIFT_COMPILATION_MODE = wholemodule;
				VALIDATE_PRODUCT = YES;
			};
			name = Release;
		};
		6988C5142B32072200F60F9F /* Debug */ = {
			isa = XCBuildConfiguration;
			baseConfigurationReference = F60A00F761281F82B42C9982 /* Pods-MaBook.debug.xcconfig */;
			buildSettings = {
				ASSETCATALOG_COMPILER_APPICON_NAME = AppIcon;
				ASSETCATALOG_COMPILER_GLOBAL_ACCENT_COLOR_NAME = AccentColor;
				CODE_SIGN_STYLE = Automatic;
				CURRENT_PROJECT_VERSION = 1;
				DEVELOPMENT_TEAM = MGAFZF85L6;
				GENERATE_INFOPLIST_FILE = YES;
				INFOPLIST_FILE = MaBook/Info.plist;
				INFOPLIST_KEY_UIApplicationSupportsIndirectInputEvents = YES;
				INFOPLIST_KEY_UILaunchStoryboardName = LaunchScreen;
				INFOPLIST_KEY_UISupportedInterfaceOrientations = UIInterfaceOrientationPortrait;
				INFOPLIST_KEY_UISupportedInterfaceOrientations_iPad = "UIInterfaceOrientationLandscapeLeft UIInterfaceOrientationLandscapeRight UIInterfaceOrientationPortrait UIInterfaceOrientationPortraitUpsideDown";
				IPHONEOS_DEPLOYMENT_TARGET = 16.4;
				LD_RUNPATH_SEARCH_PATHS = (
					"$(inherited)",
					"@executable_path/Frameworks",
				);
				MARKETING_VERSION = 1.0;
				PRODUCT_BUNDLE_IDENTIFIER = com.personal.MaBook;
				PRODUCT_NAME = "$(TARGET_NAME)";
				SUPPORTED_PLATFORMS = "iphoneos iphonesimulator";
				SUPPORTS_MACCATALYST = NO;
				SUPPORTS_MAC_DESIGNED_FOR_IPHONE_IPAD = NO;
				SWIFT_EMIT_LOC_STRINGS = YES;
				SWIFT_VERSION = 5.0;
				TARGETED_DEVICE_FAMILY = 1;
			};
			name = Debug;
		};
		6988C5152B32072200F60F9F /* Release */ = {
			isa = XCBuildConfiguration;
			baseConfigurationReference = 58C5466A50666FA759B99BAE /* Pods-MaBook.release.xcconfig */;
			buildSettings = {
				ASSETCATALOG_COMPILER_APPICON_NAME = AppIcon;
				ASSETCATALOG_COMPILER_GLOBAL_ACCENT_COLOR_NAME = AccentColor;
				CODE_SIGN_STYLE = Automatic;
				CURRENT_PROJECT_VERSION = 1;
				DEVELOPMENT_TEAM = MGAFZF85L6;
				GENERATE_INFOPLIST_FILE = YES;
				INFOPLIST_FILE = MaBook/Info.plist;
				INFOPLIST_KEY_UIApplicationSupportsIndirectInputEvents = YES;
				INFOPLIST_KEY_UILaunchStoryboardName = LaunchScreen;
				INFOPLIST_KEY_UISupportedInterfaceOrientations = UIInterfaceOrientationPortrait;
				INFOPLIST_KEY_UISupportedInterfaceOrientations_iPad = "UIInterfaceOrientationLandscapeLeft UIInterfaceOrientationLandscapeRight UIInterfaceOrientationPortrait UIInterfaceOrientationPortraitUpsideDown";
				IPHONEOS_DEPLOYMENT_TARGET = 16.4;
				LD_RUNPATH_SEARCH_PATHS = (
					"$(inherited)",
					"@executable_path/Frameworks",
				);
				MARKETING_VERSION = 1.0;
				PRODUCT_BUNDLE_IDENTIFIER = com.personal.MaBook;
				PRODUCT_NAME = "$(TARGET_NAME)";
				SUPPORTED_PLATFORMS = "iphoneos iphonesimulator";
				SUPPORTS_MACCATALYST = NO;
				SUPPORTS_MAC_DESIGNED_FOR_IPHONE_IPAD = NO;
				SWIFT_EMIT_LOC_STRINGS = YES;
				SWIFT_VERSION = 5.0;
				TARGETED_DEVICE_FAMILY = 1;
			};
			name = Release;
		};
/* End XCBuildConfiguration section */

/* Begin XCConfigurationList section */
		6988C4F72B32072100F60F9F /* Build configuration list for PBXProject "MaBook" */ = {
			isa = XCConfigurationList;
			buildConfigurations = (
				6988C5112B32072200F60F9F /* Debug */,
				6988C5122B32072200F60F9F /* Release */,
			);
			defaultConfigurationIsVisible = 0;
			defaultConfigurationName = Release;
		};
		6988C5132B32072200F60F9F /* Build configuration list for PBXNativeTarget "MaBook" */ = {
			isa = XCConfigurationList;
			buildConfigurations = (
				6988C5142B32072200F60F9F /* Debug */,
				6988C5152B32072200F60F9F /* Release */,
			);
			defaultConfigurationIsVisible = 0;
			defaultConfigurationName = Release;
		};
/* End XCConfigurationList section */

/* Begin XCRemoteSwiftPackageReference section */
		6905F96A2B3F5FEB006D45FE /* XCRemoteSwiftPackageReference "UIScrollView-InfiniteScroll" */ = {
			isa = XCRemoteSwiftPackageReference;
			repositoryURL = "https://github.com/pronebird/UIScrollView-InfiniteScroll";
			requirement = {
				kind = upToNextMajorVersion;
				minimumVersion = 1.3.0;
			};
		};
/* End XCRemoteSwiftPackageReference section */

/* Begin XCSwiftPackageProductDependency section */
		6905F96B2B3F5FEB006D45FE /* UIScrollView_InfiniteScroll */ = {
			isa = XCSwiftPackageProductDependency;
			package = 6905F96A2B3F5FEB006D45FE /* XCRemoteSwiftPackageReference "UIScrollView-InfiniteScroll" */;
			productName = UIScrollView_InfiniteScroll;
		};
/* End XCSwiftPackageProductDependency section */

/* Begin XCVersionGroup section */
		6988C5082B32072100F60F9F /* MaBook.xcdatamodeld */ = {
			isa = XCVersionGroup;
			children = (
				6988C5092B32072100F60F9F /* MaBook.xcdatamodel */,
			);
			currentVersion = 6988C5092B32072100F60F9F /* MaBook.xcdatamodel */;
			path = MaBook.xcdatamodeld;
			sourceTree = "<group>";
			versionGroupType = wrapper.xcdatamodel;
		};
/* End XCVersionGroup section */
	};
	rootObject = 6988C4F42B32072100F60F9F /* Project object */;
}
